
Microsoft Visual Studio Solution File, Format Version 11.00
# Visual Studio 2010
Project("{FAE04EC0-301F-11D3-BF4B-00C04F79EFBC}") = "SmartLife.CertManage.ManageServices", "SmartLife.Applications\SmartLife.CertManage.ManageServices\SmartLife.CertManage.ManageServices.csproj", "{1E979317-66B8-4B49-8EC8-AECE9B48CB11}"
EndProject
Project("{FAE04EC0-301F-11D3-BF4B-00C04F79EFBC}") = "SmartLife.CertManage.ManageCMS", "SmartLife.Applications\SmartLife.CertManage.ManageCMS\SmartLife.CertManage.ManageCMS.csproj", "{B3D9E564-21C2-4505-9BBA-1182C43E680D}"
EndProject
Project("{2150E333-8FDC-42A3-9474-1A3956D46DE8}") = "Solution-Bins", "Solution-Bins", "{B0A8B111-2CEB-4A9F-B564-59AD8C463B19}"
	ProjectSection(SolutionItems) = preProject
		Solution-Bins\Castle.DynamicProxy.dll = Solution-Bins\Castle.DynamicProxy.dll
		Solution-Bins\IBatisNet.Common.dll = Solution-Bins\IBatisNet.Common.dll
		Solution-Bins\IBatisNet.Common.Logging.Log4Net.dll = Solution-Bins\IBatisNet.Common.Logging.Log4Net.dll
		Solution-Bins\IBatisNet.DataAccess.2005.dll = Solution-Bins\IBatisNet.DataAccess.2005.dll
		Solution-Bins\IBatisNet.DataMapper.dll = Solution-Bins\IBatisNet.DataMapper.dll
		Solution-Bins\log4net.dll = Solution-Bins\log4net.dll
	EndProjectSection
EndProject
Project("{FAE04EC0-301F-11D3-BF4B-00C04F79EFBC}") = "SmartLife.Share.Models", "SmartLife.Applications\SmartLife.Share.Models\SmartLife.Share.Models.csproj", "{9C2EE1BE-7F97-4137-96E2-1FF5E378E956}"
EndProject
Project("{FAE04EC0-301F-11D3-BF4B-00C04F79EFBC}") = "SmartLife.Share.Behaviors", "SmartLife.Applications\SmartLife.Share.Behaviors\SmartLife.Share.Behaviors.csproj", "{2774C50E-4B9A-4140-9BE9-50F5110BF87E}"
EndProject
Project("{FAE04EC0-301F-11D3-BF4B-00C04F79EFBC}") = "SmartLife.City.ManageServices", "SmartLife.Applications\SmartLife.City.ManageServices\SmartLife.City.ManageServices.csproj", "{7BEB8BC2-3C4E-42E8-A47C-77A809A66FB2}"
EndProject
Project("{FAE04EC0-301F-11D3-BF4B-00C04F79EFBC}") = "SmartLife.City.ManageCMS", "SmartLife.Applications\SmartLife.City.ManageCMS\SmartLife.City.ManageCMS.csproj", "{88B499FA-74B2-435B-AC49-E23CB386ED83}"
EndProject
Global
	GlobalSection(TeamFoundationVersionControl) = preSolution
		SccNumberOfProjects = 7
		SccEnterpriseProvider = {4CA58AB2-18FA-4F8D-95D4-32DDF27D184C}
		SccTeamFoundationServer = http://42.120.6.22:8080/tfs/%e6%99%ba%e6%85%a7%e7%94%9f%e6%b4%bb
		SccLocalPath0 = .
		SccProjectUniqueName1 = SmartLife.Applications\\SmartLife.CertManage.ManageServices\\SmartLife.CertManage.ManageServices.csproj
		SccProjectName1 = SmartLife.Applications/SmartLife.CertManage.ManageServices
		SccLocalPath1 = SmartLife.Applications\\SmartLife.CertManage.ManageServices
		SccProjectUniqueName2 = SmartLife.Applications\\SmartLife.CertManage.ManageCMS\\SmartLife.CertManage.ManageCMS.csproj
		SccProjectName2 = SmartLife.Applications/SmartLife.CertManage.ManageCMS
		SccLocalPath2 = SmartLife.Applications\\SmartLife.CertManage.ManageCMS
		SccProjectUniqueName3 = SmartLife.Applications\\SmartLife.Share.Models\\SmartLife.Share.Models.csproj
		SccProjectName3 = SmartLife.Applications/SmartLife.Share.Models
		SccLocalPath3 = SmartLife.Applications\\SmartLife.Share.Models
		SccProjectUniqueName4 = SmartLife.Applications\\SmartLife.Share.Behaviors\\SmartLife.Share.Behaviors.csproj
		SccProjectName4 = SmartLife.Applications/SmartLife.Share.Behaviors
		SccLocalPath4 = SmartLife.Applications\\SmartLife.Share.Behaviors
		SccProjectUniqueName5 = SmartLife.Applications\\SmartLife.City.ManageServices\\SmartLife.City.ManageServices.csproj
		SccProjectName5 = SmartLife.Applications/SmartLife.City.ManageServices
		SccLocalPath5 = SmartLife.Applications\\SmartLife.City.ManageServices
		SccProjectUniqueName6 = SmartLife.Applications\\SmartLife.City.ManageCMS\\SmartLife.City.ManageCMS.csproj
		SccProjectName6 = SmartLife.Applications/SmartLife.City.ManageCMS
		SccLocalPath6 = SmartLife.Applications\\SmartLife.City.ManageCMS
	EndGlobalSection
	GlobalSection(SolutionConfigurationPlatforms) = preSolution
		Debug|Any CPU = Debug|Any CPU
		Debug|Mixed Platforms = Debug|Mixed Platforms
		Debug|x86 = Debug|x86
		Release|Any CPU = Release|Any CPU
		Release|Mixed Platforms = Release|Mixed Platforms
		Release|x86 = Release|x86
	EndGlobalSection
	GlobalSection(ProjectConfigurationPlatforms) = postSolution
		{1E979317-66B8-4B49-8EC8-AECE9B48CB11}.Debug|Any CPU.ActiveCfg = Debug|Any CPU
		{1E979317-66B8-4B49-8EC8-AECE9B48CB11}.Debug|Any CPU.Build.0 = Debug|Any CPU
		{1E979317-66B8-4B49-8EC8-AECE9B48CB11}.Debug|Mixed Platforms.ActiveCfg = Debug|Any CPU
		{1E979317-66B8-4B49-8EC8-AECE9B48CB11}.Debug|Mixed Platforms.Build.0 = Debug|Any CPU
		{1E979317-66B8-4B49-8EC8-AECE9B48CB11}.Debug|x86.ActiveCfg = Debug|Any CPU
		{1E979317-66B8-4B49-8EC8-AECE9B48CB11}.Release|Any CPU.ActiveCfg = Release|Any CPU
		{1E979317-66B8-4B49-8EC8-AECE9B48CB11}.Release|Any CPU.Build.0 = Release|Any CPU
		{1E979317-66B8-4B49-8EC8-AECE9B48CB11}.Release|Mixed Platforms.ActiveCfg = Release|Any CPU
		{1E979317-66B8-4B49-8EC8-AECE9B48CB11}.Release|Mixed Platforms.Build.0 = Release|Any CPU
		{1E979317-66B8-4B49-8EC8-AECE9B48CB11}.Release|x86.ActiveCfg = Release|Any CPU
		{B3D9E564-21C2-4505-9BBA-1182C43E680D}.Debug|Any CPU.ActiveCfg = Debug|Any CPU
		{B3D9E564-21C2-4505-9BBA-1182C43E680D}.Debug|Any CPU.Build.0 = Debug|Any CPU
		{B3D9E564-21C2-4505-9BBA-1182C43E680D}.Debug|Mixed Platforms.ActiveCfg = Debug|Any CPU
		{B3D9E564-21C2-4505-9BBA-1182C43E680D}.Debug|Mixed Platforms.Build.0 = Debug|Any CPU
		{B3D9E564-21C2-4505-9BBA-1182C43E680D}.Debug|x86.ActiveCfg = Debug|Any CPU
		{B3D9E564-21C2-4505-9BBA-1182C43E680D}.Release|Any CPU.ActiveCfg = Release|Any CPU
		{B3D9E564-21C2-4505-9BBA-1182C43E680D}.Release|Any CPU.Build.0 = Release|Any CPU
		{B3D9E564-21C2-4505-9BBA-1182C43E680D}.Release|Mixed Platforms.ActiveCfg = Release|Any CPU
		{B3D9E564-21C2-4505-9BBA-1182C43E680D}.Release|Mixed Platforms.Build.0 = Release|Any CPU
		{B3D9E564-21C2-4505-9BBA-1182C43E680D}.Release|x86.ActiveCfg = Release|Any CPU
		{9C2EE1BE-7F97-4137-96E2-1FF5E378E956}.Debug|Any CPU.ActiveCfg = Debug|Any CPU
		{9C2EE1BE-7F97-4137-96E2-1FF5E378E956}.Debug|Any CPU.Build.0 = Debug|Any CPU
		{9C2EE1BE-7F97-4137-96E2-1FF5E378E956}.Debug|Mixed Platforms.ActiveCfg = Debug|Any CPU
		{9C2EE1BE-7F97-4137-96E2-1FF5E378E956}.Debug|Mixed Platforms.Build.0 = Debug|Any CPU
		{9C2EE1BE-7F97-4137-96E2-1FF5E378E956}.Debug|x86.ActiveCfg = Debug|Any CPU
		{9C2EE1BE-7F97-4137-96E2-1FF5E378E956}.Release|Any CPU.ActiveCfg = Release|Any CPU
		{9C2EE1BE-7F97-4137-96E2-1FF5E378E956}.Release|Any CPU.Build.0 = Release|Any CPU
		{9C2EE1BE-7F97-4137-96E2-1FF5E378E956}.Release|Mixed Platforms.ActiveCfg = Release|Any CPU
		{9C2EE1BE-7F97-4137-96E2-1FF5E378E956}.Release|Mixed Platforms.Build.0 = Release|Any CPU
		{9C2EE1BE-7F97-4137-96E2-1FF5E378E956}.Release|x86.ActiveCfg = Release|Any CPU
		{2774C50E-4B9A-4140-9BE9-50F5110BF87E}.Debug|Any CPU.ActiveCfg = Debug|Any CPU
		{2774C50E-4B9A-4140-9BE9-50F5110BF87E}.Debug|Any CPU.Build.0 = Debug|Any CPU
		{2774C50E-4B9A-4140-9BE9-50F5110BF87E}.Debug|Mixed Platforms.ActiveCfg = Debug|Any CPU
		{2774C50E-4B9A-4140-9BE9-50F5110BF87E}.Debug|Mixed Platforms.Build.0 = Debug|Any CPU
		{2774C50E-4B9A-4140-9BE9-50F5110BF87E}.Debug|x86.ActiveCfg = Debug|Any CPU
		{2774C50E-4B9A-4140-9BE9-50F5110BF87E}.Release|Any CPU.ActiveCfg = Release|Any CPU
		{2774C50E-4B9A-4140-9BE9-50F5110BF87E}.Release|Any CPU.Build.0 = Release|Any CPU
		{2774C50E-4B9A-4140-9BE9-50F5110BF87E}.Release|Mixed Platforms.ActiveCfg = Release|Any CPU
		{2774C50E-4B9A-4140-9BE9-50F5110BF87E}.Release|Mixed Platforms.Build.0 = Release|Any CPU
		{2774C50E-4B9A-4140-9BE9-50F5110BF87E}.Release|x86.ActiveCfg = Release|Any CPU
		{7BEB8BC2-3C4E-42E8-A47C-77A809A66FB2}.Debug|Any CPU.ActiveCfg = Debug|Any CPU
		{7BEB8BC2-3C4E-42E8-A47C-77A809A66FB2}.Debug|Any CPU.Build.0 = Debug|Any CPU
		{7BEB8BC2-3C4E-42E8-A47C-77A809A66FB2}.Debug|Mixed Platforms.ActiveCfg = Debug|Any CPU
		{7BEB8BC2-3C4E-42E8-A47C-77A809A66FB2}.Debug|Mixed Platforms.Build.0 = Debug|Any CPU
		{7BEB8BC2-3C4E-42E8-A47C-77A809A66FB2}.Debug|x86.ActiveCfg = Debug|Any CPU
		{7BEB8BC2-3C4E-42E8-A47C-77A809A66FB2}.Release|Any CPU.ActiveCfg = Release|Any CPU
		{7BEB8BC2-3C4E-42E8-A47C-77A809A66FB2}.Release|Any CPU.Build.0 = Release|Any CPU
		{7BEB8BC2-3C4E-42E8-A47C-77A809A66FB2}.Release|Mixed Platforms.ActiveCfg = Release|Any CPU
		{7BEB8BC2-3C4E-42E8-A47C-77A809A66FB2}.Release|Mixed Platforms.Build.0 = Release|Any CPU
		{7BEB8BC2-3C4E-42E8-A47C-77A809A66FB2}.Release|x86.ActiveCfg = Release|Any CPU
		{88B499FA-74B2-435B-AC49-E23CB386ED83}.Debug|Any CPU.ActiveCfg = Debug|Any CPU
		{88B499FA-74B2-435B-AC49-E23CB386ED83}.Debug|Any CPU.Build.0 = Debug|Any CPU
		{88B499FA-74B2-435B-AC49-E23CB386ED83}.Debug|Mixed Platforms.ActiveCfg = Debug|Any CPU
		{88B499FA-74B2-435B-AC49-E23CB386ED83}.Debug|Mixed Platforms.Build.0 = Debug|Any CPU
		{88B499FA-74B2-435B-AC49-E23CB386ED83}.Debug|x86.ActiveCfg = Debug|Any CPU
		{88B499FA-74B2-435B-AC49-E23CB386ED83}.Release|Any CPU.ActiveCfg = Release|Any CPU
		{88B499FA-74B2-435B-AC49-E23CB386ED83}.Release|Any CPU.Build.0 = Release|Any CPU
		{88B499FA-74B2-435B-AC49-E23CB386ED83}.Release|Mixed Platforms.ActiveCfg = Release|Any CPU
		{88B499FA-74B2-435B-AC49-E23CB386ED83}.Release|Mixed Platforms.Build.0 = Release|Any CPU
		{88B499FA-74B2-435B-AC49-E23CB386ED83}.Release|x86.ActiveCfg = Release|Any CPU
	EndGlobalSection
	GlobalSection(SolutionProperties) = preSolution
		HideSolutionNode = FALSE
	EndGlobalSection
EndGlobal
