
Microsoft Visual Studio Solution File, Format Version 11.00
# Visual Studio 2010
Project("{FAE04EC0-301F-11D3-BF4B-00C04F79EFBC}") = "SmartLife.CertManage.ManageServices", "SmartLife.Applications\SmartLife.CertManage.ManageServices\SmartLife.CertManage.ManageServices.csproj", "{1E979317-66B8-4B49-8EC8-AECE9B48CB11}"
EndProject
Project("{2150E333-8FDC-42A3-9474-1A3956D46DE8}") = "Solution-Bins", "Solution-Bins", "{8648A5D8-530D-4328-A0CC-D504C7D8A9FD}"
	ProjectSection(SolutionItems) = preProject
		Solution-Bins\Castle.DynamicProxy.dll = Solution-Bins\Castle.DynamicProxy.dll
		Solution-Bins\IBatisNet.Common.dll = Solution-Bins\IBatisNet.Common.dll
		Solution-Bins\IBatisNet.Common.Logging.Log4Net.dll = Solution-Bins\IBatisNet.Common.Logging.Log4Net.dll
		Solution-Bins\IBatisNet.DataAccess.2005.dll = Solution-Bins\IBatisNet.DataAccess.2005.dll
		Solution-Bins\IBatisNet.DataMapper.dll = Solution-Bins\IBatisNet.DataMapper.dll
		Solution-Bins\log4net.dll = Solution-Bins\log4net.dll
		覆盖www.lifeblue.cn数据库.txt = 覆盖www.lifeblue.cn数据库.txt
	EndProjectSection
EndProject
Project("{FAE04EC0-301F-11D3-BF4B-00C04F79EFBC}") = "SmartLife.Share.Models", "SmartLife.Applications\SmartLife.Share.Models\SmartLife.Share.Models.csproj", "{9C2EE1BE-7F97-4137-96E2-1FF5E378E956}"
EndProject
Project("{FAE04EC0-301F-11D3-BF4B-00C04F79EFBC}") = "SmartLife.Share.Behaviors", "SmartLife.Applications\SmartLife.Share.Behaviors\SmartLife.Share.Behaviors.csproj", "{2774C50E-4B9A-4140-9BE9-50F5110BF87E}"
EndProject
Project("{FAE04EC0-301F-11D3-BF4B-00C04F79EFBC}") = "SmartLife.CertManage.ManageCMS", "SmartLife.Applications\SmartLife.CertManage.ManageCMS\SmartLife.CertManage.ManageCMS.csproj", "{B3D9E564-21C2-4505-9BBA-1182C43E680D}"
EndProject
Project("{FAE04EC0-301F-11D3-BF4B-00C04F79EFBC}") = "SmartLife.IPCC", "SmartLife.Applications\SmartLife.IPCC\SmartLife.IPCC.csproj", "{FCFB9435-DA4B-4689-B1D4-84B55C526A7D}"
EndProject
Project("{FAE04EC0-301F-11D3-BF4B-00C04F79EFBC}") = "SmartLife.Share.Models.PO", "SmartLife.Applications\SmartLife.Share.Models.PO\SmartLife.Share.Models.PO.csproj", "{F68BA8F0-961A-4648-83C1-22DFECC778C0}"
EndProject
Project("{FAE04EC0-301F-11D3-BF4B-00C04F79EFBC}") = "SmartLife.Client.Merchant", "SmartLife.Applications\SmartLife.Client.Merchant\SmartLife.Client.Merchant.csproj", "{2F0CC413-025A-47A7-94E3-33BCF796EE83}"
EndProject
Project("{FAE04EC0-301F-11D3-BF4B-00C04F79EFBC}") = "SmartLife.Client.Seat", "SmartLife.Applications\SmartLife.Client.Seat\SmartLife.Client.Seat.csproj", "{4A831334-CF5C-4B71-BD50-AA980F20103F}"
EndProject
Project("{FAE04EC0-301F-11D3-BF4B-00C04F79EFBC}") = "SmartLife.Client.Schedule", "SmartLife.Applications\SmartLife.Client.Schedule\SmartLife.Client.Schedule.csproj", "{C0A349C9-E8A5-4DCD-8474-F32F3DE1C461}"
EndProject
Project("{FAE04EC0-301F-11D3-BF4B-00C04F79EFBC}") = "SmartLife.DataExchange.Services", "SmartLife.Applications\SmartLife.DataExchange.Services\SmartLife.DataExchange.Services.csproj", "{7676D7FD-E8C0-4586-AD57-81DA9EDEBD25}"
EndProject
Project("{FAE04EC0-301F-11D3-BF4B-00C04F79EFBC}") = "SmartLife.UpdateClientServices", "SmartLife.Applications\SmartLife.UpdateClientServices\SmartLife.UpdateClientServices.csproj", "{2CC03372-A821-4775-BDD0-53F63ADC8B31}"
EndProject
Project("{FAE04EC0-301F-11D3-BF4B-00C04F79EFBC}") = "SmartLife.Client.Gov", "SmartLife.Applications\SmartLife.Client.Gov\SmartLife.Client.Gov.csproj", "{2EEA4005-E880-493F-9007-12C29CAA13C7}"
EndProject
Project("{FAE04EC0-301F-11D3-BF4B-00C04F79EFBC}") = "SmartLife.CertManage.MerchantServices", "SmartLife.Applications\SmartLife.CertManage.MerchantServices\SmartLife.CertManage.MerchantServices.csproj", "{D7AB4091-6521-4612-AF9F-8A84FBFB68A1}"
EndProject
Project("{FAE04EC0-301F-11D3-BF4B-00C04F79EFBC}") = "SmartLife.WeiXinCloud.OldCare", "SmartLife.Applications\SmartLife.WeiXinCloud.OldCare\SmartLife.WeiXinCloud.OldCare.csproj", "{98B0E41D-A462-4E56-BB3E-C821F39A80F2}"
EndProject
Project("{FAE04EC0-301F-11D3-BF4B-00C04F79EFBC}") = "SmartLife.WeiXinCloud.Schedule", "SmartLife.Applications\SmartLife.WeiXinCloud.Schedule\SmartLife.WeiXinCloud.Schedule.csproj", "{06A0A6D1-2126-400D-81CB-D54F2D8A6DC8}"
EndProject
Project("{FAE04EC0-301F-11D3-BF4B-00C04F79EFBC}") = "SmartLife.Auth.CertServices", "SmartLife.Applications\SmartLife.Auth.CertServices\SmartLife.Auth.CertServices.csproj", "{D783A97C-67CA-4D71-911B-9ADC9F914D66}"
EndProject
Project("{FAE04EC0-301F-11D3-BF4B-00C04F79EFBC}") = "SmartLife.City.ManageCMS", "SmartLife.Applications\SmartLife.City.ManageCMS\SmartLife.City.ManageCMS.csproj", "{88B499FA-74B2-435B-AC49-E23CB386ED83}"
EndProject
Project("{FAE04EC0-301F-11D3-BF4B-00C04F79EFBC}") = "SmartLife.City.ManageServices", "SmartLife.Applications\SmartLife.City.ManageServices\SmartLife.City.ManageServices.csproj", "{7BEB8BC2-3C4E-42E8-A47C-77A809A66FB2}"
EndProject
Project("{FAE04EC0-301F-11D3-BF4B-00C04F79EFBC}") = "SmartLife.Client.PensionAgency", "SmartLife.Applications\SmartLife.Client.PensionAgency\SmartLife.Client.PensionAgency.csproj", "{A5B3ABF7-E91E-4751-9B0A-22563A86EFC9}"
EndProject
Project("{FAE04EC0-301F-11D3-BF4B-00C04F79EFBC}") = "SmartLife.Client.PensionAgency.Order", "SmartLife.Applications\SmartLife.Client.PensionAgency.Order\SmartLife.Client.PensionAgency.Order.csproj", "{A99907B2-C045-48D3-B9D9-33B6D14238C0}"
EndProject
Project("{FAE04EC0-301F-11D3-BF4B-00C04F79EFBC}") = "SmartLife.Client.PensionAgency.SelfService", "SmartLife.Applications\SmartLife.Client.PensionAgency.SelfService\SmartLife.Client.PensionAgency.SelfService.csproj", "{B676D15B-36AE-4244-9DAE-37E65CC19535}"
EndProject
Project("{FAE04EC0-301F-11D3-BF4B-00C04F79EFBC}") = "SmartLife.Client.PensionAgency.Models", "SmartLife.Applications\SmartLife.Client.PensionAgency.Models\SmartLife.Client.PensionAgency.Models.csproj", "{1E025F1C-1D29-4199-A770-DBFF11C51A81}"
EndProject
Global
	GlobalSection(SolutionConfigurationPlatforms) = preSolution
		CD_ROM|Any CPU = CD_ROM|Any CPU
		CD_ROM|Mixed Platforms = CD_ROM|Mixed Platforms
		CD_ROM|x86 = CD_ROM|x86
		Debug|Any CPU = Debug|Any CPU
		Debug|Mixed Platforms = Debug|Mixed Platforms
		Debug|x86 = Debug|x86
		DVD-5|Any CPU = DVD-5|Any CPU
		DVD-5|Mixed Platforms = DVD-5|Mixed Platforms
		DVD-5|x86 = DVD-5|x86
		Release|Any CPU = Release|Any CPU
		Release|Mixed Platforms = Release|Mixed Platforms
		Release|x86 = Release|x86
		SingleImage|Any CPU = SingleImage|Any CPU
		SingleImage|Mixed Platforms = SingleImage|Mixed Platforms
		SingleImage|x86 = SingleImage|x86
	EndGlobalSection
	GlobalSection(ProjectConfigurationPlatforms) = postSolution
		{1E979317-66B8-4B49-8EC8-AECE9B48CB11}.CD_ROM|Any CPU.ActiveCfg = Release|Any CPU
		{1E979317-66B8-4B49-8EC8-AECE9B48CB11}.CD_ROM|Any CPU.Build.0 = Release|Any CPU
		{1E979317-66B8-4B49-8EC8-AECE9B48CB11}.CD_ROM|Mixed Platforms.ActiveCfg = Release|Any CPU
		{1E979317-66B8-4B49-8EC8-AECE9B48CB11}.CD_ROM|Mixed Platforms.Build.0 = Release|Any CPU
		{1E979317-66B8-4B49-8EC8-AECE9B48CB11}.CD_ROM|x86.ActiveCfg = Release|Any CPU
		{1E979317-66B8-4B49-8EC8-AECE9B48CB11}.Debug|Any CPU.ActiveCfg = Debug|Any CPU
		{1E979317-66B8-4B49-8EC8-AECE9B48CB11}.Debug|Any CPU.Build.0 = Debug|Any CPU
		{1E979317-66B8-4B49-8EC8-AECE9B48CB11}.Debug|Mixed Platforms.ActiveCfg = Debug|Any CPU
		{1E979317-66B8-4B49-8EC8-AECE9B48CB11}.Debug|Mixed Platforms.Build.0 = Debug|Any CPU
		{1E979317-66B8-4B49-8EC8-AECE9B48CB11}.Debug|x86.ActiveCfg = Debug|Any CPU
		{1E979317-66B8-4B49-8EC8-AECE9B48CB11}.DVD-5|Any CPU.ActiveCfg = Debug|Any CPU
		{1E979317-66B8-4B49-8EC8-AECE9B48CB11}.DVD-5|Any CPU.Build.0 = Debug|Any CPU
		{1E979317-66B8-4B49-8EC8-AECE9B48CB11}.DVD-5|Mixed Platforms.ActiveCfg = Debug|Any CPU
		{1E979317-66B8-4B49-8EC8-AECE9B48CB11}.DVD-5|Mixed Platforms.Build.0 = Debug|Any CPU
		{1E979317-66B8-4B49-8EC8-AECE9B48CB11}.DVD-5|x86.ActiveCfg = Debug|Any CPU
		{1E979317-66B8-4B49-8EC8-AECE9B48CB11}.Release|Any CPU.ActiveCfg = Release|Any CPU
		{1E979317-66B8-4B49-8EC8-AECE9B48CB11}.Release|Any CPU.Build.0 = Release|Any CPU
		{1E979317-66B8-4B49-8EC8-AECE9B48CB11}.Release|Mixed Platforms.ActiveCfg = Release|Any CPU
		{1E979317-66B8-4B49-8EC8-AECE9B48CB11}.Release|Mixed Platforms.Build.0 = Release|Any CPU
		{1E979317-66B8-4B49-8EC8-AECE9B48CB11}.Release|x86.ActiveCfg = Release|Any CPU
		{1E979317-66B8-4B49-8EC8-AECE9B48CB11}.SingleImage|Any CPU.ActiveCfg = Release|Any CPU
		{1E979317-66B8-4B49-8EC8-AECE9B48CB11}.SingleImage|Any CPU.Build.0 = Release|Any CPU
		{1E979317-66B8-4B49-8EC8-AECE9B48CB11}.SingleImage|Mixed Platforms.ActiveCfg = Release|Any CPU
		{1E979317-66B8-4B49-8EC8-AECE9B48CB11}.SingleImage|Mixed Platforms.Build.0 = Release|Any CPU
		{1E979317-66B8-4B49-8EC8-AECE9B48CB11}.SingleImage|x86.ActiveCfg = Release|Any CPU
		{9C2EE1BE-7F97-4137-96E2-1FF5E378E956}.CD_ROM|Any CPU.ActiveCfg = Release|Any CPU
		{9C2EE1BE-7F97-4137-96E2-1FF5E378E956}.CD_ROM|Any CPU.Build.0 = Release|Any CPU
		{9C2EE1BE-7F97-4137-96E2-1FF5E378E956}.CD_ROM|Mixed Platforms.ActiveCfg = Release|Any CPU
		{9C2EE1BE-7F97-4137-96E2-1FF5E378E956}.CD_ROM|Mixed Platforms.Build.0 = Release|Any CPU
		{9C2EE1BE-7F97-4137-96E2-1FF5E378E956}.CD_ROM|x86.ActiveCfg = Release|Any CPU
		{9C2EE1BE-7F97-4137-96E2-1FF5E378E956}.Debug|Any CPU.ActiveCfg = Debug|Any CPU
		{9C2EE1BE-7F97-4137-96E2-1FF5E378E956}.Debug|Any CPU.Build.0 = Debug|Any CPU
		{9C2EE1BE-7F97-4137-96E2-1FF5E378E956}.Debug|Mixed Platforms.ActiveCfg = Debug|Any CPU
		{9C2EE1BE-7F97-4137-96E2-1FF5E378E956}.Debug|Mixed Platforms.Build.0 = Debug|Any CPU
		{9C2EE1BE-7F97-4137-96E2-1FF5E378E956}.Debug|x86.ActiveCfg = Debug|Any CPU
		{9C2EE1BE-7F97-4137-96E2-1FF5E378E956}.DVD-5|Any CPU.ActiveCfg = Debug|Any CPU
		{9C2EE1BE-7F97-4137-96E2-1FF5E378E956}.DVD-5|Any CPU.Build.0 = Debug|Any CPU
		{9C2EE1BE-7F97-4137-96E2-1FF5E378E956}.DVD-5|Mixed Platforms.ActiveCfg = Debug|Any CPU
		{9C2EE1BE-7F97-4137-96E2-1FF5E378E956}.DVD-5|Mixed Platforms.Build.0 = Debug|Any CPU
		{9C2EE1BE-7F97-4137-96E2-1FF5E378E956}.DVD-5|x86.ActiveCfg = Debug|Any CPU
		{9C2EE1BE-7F97-4137-96E2-1FF5E378E956}.Release|Any CPU.ActiveCfg = Release|Any CPU
		{9C2EE1BE-7F97-4137-96E2-1FF5E378E956}.Release|Any CPU.Build.0 = Release|Any CPU
		{9C2EE1BE-7F97-4137-96E2-1FF5E378E956}.Release|Mixed Platforms.ActiveCfg = Release|Any CPU
		{9C2EE1BE-7F97-4137-96E2-1FF5E378E956}.Release|Mixed Platforms.Build.0 = Release|Any CPU
		{9C2EE1BE-7F97-4137-96E2-1FF5E378E956}.Release|x86.ActiveCfg = Release|Any CPU
		{9C2EE1BE-7F97-4137-96E2-1FF5E378E956}.Release|x86.Build.0 = Release|Any CPU
		{9C2EE1BE-7F97-4137-96E2-1FF5E378E956}.SingleImage|Any CPU.ActiveCfg = Release|Any CPU
		{9C2EE1BE-7F97-4137-96E2-1FF5E378E956}.SingleImage|Any CPU.Build.0 = Release|Any CPU
		{9C2EE1BE-7F97-4137-96E2-1FF5E378E956}.SingleImage|Mixed Platforms.ActiveCfg = Release|Any CPU
		{9C2EE1BE-7F97-4137-96E2-1FF5E378E956}.SingleImage|Mixed Platforms.Build.0 = Release|Any CPU
		{9C2EE1BE-7F97-4137-96E2-1FF5E378E956}.SingleImage|x86.ActiveCfg = Release|Any CPU
		{2774C50E-4B9A-4140-9BE9-50F5110BF87E}.CD_ROM|Any CPU.ActiveCfg = Release|Any CPU
		{2774C50E-4B9A-4140-9BE9-50F5110BF87E}.CD_ROM|Any CPU.Build.0 = Release|Any CPU
		{2774C50E-4B9A-4140-9BE9-50F5110BF87E}.CD_ROM|Mixed Platforms.ActiveCfg = Release|Any CPU
		{2774C50E-4B9A-4140-9BE9-50F5110BF87E}.CD_ROM|Mixed Platforms.Build.0 = Release|Any CPU
		{2774C50E-4B9A-4140-9BE9-50F5110BF87E}.CD_ROM|x86.ActiveCfg = Release|Any CPU
		{2774C50E-4B9A-4140-9BE9-50F5110BF87E}.Debug|Any CPU.ActiveCfg = Debug|Any CPU
		{2774C50E-4B9A-4140-9BE9-50F5110BF87E}.Debug|Any CPU.Build.0 = Debug|Any CPU
		{2774C50E-4B9A-4140-9BE9-50F5110BF87E}.Debug|Mixed Platforms.ActiveCfg = Debug|Any CPU
		{2774C50E-4B9A-4140-9BE9-50F5110BF87E}.Debug|Mixed Platforms.Build.0 = Debug|Any CPU
		{2774C50E-4B9A-4140-9BE9-50F5110BF87E}.Debug|x86.ActiveCfg = Debug|Any CPU
		{2774C50E-4B9A-4140-9BE9-50F5110BF87E}.DVD-5|Any CPU.ActiveCfg = Debug|Any CPU
		{2774C50E-4B9A-4140-9BE9-50F5110BF87E}.DVD-5|Any CPU.Build.0 = Debug|Any CPU
		{2774C50E-4B9A-4140-9BE9-50F5110BF87E}.DVD-5|Mixed Platforms.ActiveCfg = Debug|Any CPU
		{2774C50E-4B9A-4140-9BE9-50F5110BF87E}.DVD-5|Mixed Platforms.Build.0 = Debug|Any CPU
		{2774C50E-4B9A-4140-9BE9-50F5110BF87E}.DVD-5|x86.ActiveCfg = Debug|Any CPU
		{2774C50E-4B9A-4140-9BE9-50F5110BF87E}.Release|Any CPU.ActiveCfg = Release|Any CPU
		{2774C50E-4B9A-4140-9BE9-50F5110BF87E}.Release|Any CPU.Build.0 = Release|Any CPU
		{2774C50E-4B9A-4140-9BE9-50F5110BF87E}.Release|Mixed Platforms.ActiveCfg = Release|Any CPU
		{2774C50E-4B9A-4140-9BE9-50F5110BF87E}.Release|Mixed Platforms.Build.0 = Release|Any CPU
		{2774C50E-4B9A-4140-9BE9-50F5110BF87E}.Release|x86.ActiveCfg = Release|Any CPU
		{2774C50E-4B9A-4140-9BE9-50F5110BF87E}.Release|x86.Build.0 = Release|Any CPU
		{2774C50E-4B9A-4140-9BE9-50F5110BF87E}.SingleImage|Any CPU.ActiveCfg = Release|Any CPU
		{2774C50E-4B9A-4140-9BE9-50F5110BF87E}.SingleImage|Any CPU.Build.0 = Release|Any CPU
		{2774C50E-4B9A-4140-9BE9-50F5110BF87E}.SingleImage|Mixed Platforms.ActiveCfg = Release|Any CPU
		{2774C50E-4B9A-4140-9BE9-50F5110BF87E}.SingleImage|Mixed Platforms.Build.0 = Release|Any CPU
		{2774C50E-4B9A-4140-9BE9-50F5110BF87E}.SingleImage|x86.ActiveCfg = Release|Any CPU
		{B3D9E564-21C2-4505-9BBA-1182C43E680D}.CD_ROM|Any CPU.ActiveCfg = Release|Any CPU
		{B3D9E564-21C2-4505-9BBA-1182C43E680D}.CD_ROM|Any CPU.Build.0 = Release|Any CPU
		{B3D9E564-21C2-4505-9BBA-1182C43E680D}.CD_ROM|Mixed Platforms.ActiveCfg = Release|Any CPU
		{B3D9E564-21C2-4505-9BBA-1182C43E680D}.CD_ROM|Mixed Platforms.Build.0 = Release|Any CPU
		{B3D9E564-21C2-4505-9BBA-1182C43E680D}.CD_ROM|x86.ActiveCfg = Release|Any CPU
		{B3D9E564-21C2-4505-9BBA-1182C43E680D}.Debug|Any CPU.ActiveCfg = Debug|Any CPU
		{B3D9E564-21C2-4505-9BBA-1182C43E680D}.Debug|Any CPU.Build.0 = Debug|Any CPU
		{B3D9E564-21C2-4505-9BBA-1182C43E680D}.Debug|Mixed Platforms.ActiveCfg = Debug|Any CPU
		{B3D9E564-21C2-4505-9BBA-1182C43E680D}.Debug|Mixed Platforms.Build.0 = Debug|Any CPU
		{B3D9E564-21C2-4505-9BBA-1182C43E680D}.Debug|x86.ActiveCfg = Debug|Any CPU
		{B3D9E564-21C2-4505-9BBA-1182C43E680D}.DVD-5|Any CPU.ActiveCfg = Debug|Any CPU
		{B3D9E564-21C2-4505-9BBA-1182C43E680D}.DVD-5|Any CPU.Build.0 = Debug|Any CPU
		{B3D9E564-21C2-4505-9BBA-1182C43E680D}.DVD-5|Mixed Platforms.ActiveCfg = Debug|Any CPU
		{B3D9E564-21C2-4505-9BBA-1182C43E680D}.DVD-5|Mixed Platforms.Build.0 = Debug|Any CPU
		{B3D9E564-21C2-4505-9BBA-1182C43E680D}.DVD-5|x86.ActiveCfg = Debug|Any CPU
		{B3D9E564-21C2-4505-9BBA-1182C43E680D}.Release|Any CPU.ActiveCfg = Release|Any CPU
		{B3D9E564-21C2-4505-9BBA-1182C43E680D}.Release|Any CPU.Build.0 = Release|Any CPU
		{B3D9E564-21C2-4505-9BBA-1182C43E680D}.Release|Mixed Platforms.ActiveCfg = Release|Any CPU
		{B3D9E564-21C2-4505-9BBA-1182C43E680D}.Release|Mixed Platforms.Build.0 = Release|Any CPU
		{B3D9E564-21C2-4505-9BBA-1182C43E680D}.Release|x86.ActiveCfg = Release|Any CPU
		{B3D9E564-21C2-4505-9BBA-1182C43E680D}.SingleImage|Any CPU.ActiveCfg = Release|Any CPU
		{B3D9E564-21C2-4505-9BBA-1182C43E680D}.SingleImage|Any CPU.Build.0 = Release|Any CPU
		{B3D9E564-21C2-4505-9BBA-1182C43E680D}.SingleImage|Mixed Platforms.ActiveCfg = Release|Any CPU
		{B3D9E564-21C2-4505-9BBA-1182C43E680D}.SingleImage|Mixed Platforms.Build.0 = Release|Any CPU
		{B3D9E564-21C2-4505-9BBA-1182C43E680D}.SingleImage|x86.ActiveCfg = Release|Any CPU
		{FCFB9435-DA4B-4689-B1D4-84B55C526A7D}.CD_ROM|Any CPU.ActiveCfg = Release|Any CPU
		{FCFB9435-DA4B-4689-B1D4-84B55C526A7D}.CD_ROM|Any CPU.Build.0 = Release|Any CPU
		{FCFB9435-DA4B-4689-B1D4-84B55C526A7D}.CD_ROM|Mixed Platforms.ActiveCfg = Release|Any CPU
		{FCFB9435-DA4B-4689-B1D4-84B55C526A7D}.CD_ROM|Mixed Platforms.Build.0 = Release|Any CPU
		{FCFB9435-DA4B-4689-B1D4-84B55C526A7D}.CD_ROM|x86.ActiveCfg = Release|Any CPU
		{FCFB9435-DA4B-4689-B1D4-84B55C526A7D}.Debug|Any CPU.ActiveCfg = Debug|Any CPU
		{FCFB9435-DA4B-4689-B1D4-84B55C526A7D}.Debug|Any CPU.Build.0 = Debug|Any CPU
		{FCFB9435-DA4B-4689-B1D4-84B55C526A7D}.Debug|Mixed Platforms.ActiveCfg = Debug|Any CPU
		{FCFB9435-DA4B-4689-B1D4-84B55C526A7D}.Debug|Mixed Platforms.Build.0 = Debug|Any CPU
		{FCFB9435-DA4B-4689-B1D4-84B55C526A7D}.Debug|x86.ActiveCfg = Debug|Any CPU
		{FCFB9435-DA4B-4689-B1D4-84B55C526A7D}.DVD-5|Any CPU.ActiveCfg = Debug|Any CPU
		{FCFB9435-DA4B-4689-B1D4-84B55C526A7D}.DVD-5|Any CPU.Build.0 = Debug|Any CPU
		{FCFB9435-DA4B-4689-B1D4-84B55C526A7D}.DVD-5|Mixed Platforms.ActiveCfg = Debug|Any CPU
		{FCFB9435-DA4B-4689-B1D4-84B55C526A7D}.DVD-5|Mixed Platforms.Build.0 = Debug|Any CPU
		{FCFB9435-DA4B-4689-B1D4-84B55C526A7D}.DVD-5|x86.ActiveCfg = Debug|Any CPU
		{FCFB9435-DA4B-4689-B1D4-84B55C526A7D}.Release|Any CPU.ActiveCfg = Release|Any CPU
		{FCFB9435-DA4B-4689-B1D4-84B55C526A7D}.Release|Any CPU.Build.0 = Release|Any CPU
		{FCFB9435-DA4B-4689-B1D4-84B55C526A7D}.Release|Mixed Platforms.ActiveCfg = Release|Any CPU
		{FCFB9435-DA4B-4689-B1D4-84B55C526A7D}.Release|Mixed Platforms.Build.0 = Release|Any CPU
		{FCFB9435-DA4B-4689-B1D4-84B55C526A7D}.Release|x86.ActiveCfg = Release|Any CPU
		{FCFB9435-DA4B-4689-B1D4-84B55C526A7D}.SingleImage|Any CPU.ActiveCfg = Release|Any CPU
		{FCFB9435-DA4B-4689-B1D4-84B55C526A7D}.SingleImage|Any CPU.Build.0 = Release|Any CPU
		{FCFB9435-DA4B-4689-B1D4-84B55C526A7D}.SingleImage|Mixed Platforms.ActiveCfg = Release|Any CPU
		{FCFB9435-DA4B-4689-B1D4-84B55C526A7D}.SingleImage|Mixed Platforms.Build.0 = Release|Any CPU
		{FCFB9435-DA4B-4689-B1D4-84B55C526A7D}.SingleImage|x86.ActiveCfg = Release|Any CPU
		{F68BA8F0-961A-4648-83C1-22DFECC778C0}.CD_ROM|Any CPU.ActiveCfg = Release|Any CPU
		{F68BA8F0-961A-4648-83C1-22DFECC778C0}.CD_ROM|Any CPU.Build.0 = Release|Any CPU
		{F68BA8F0-961A-4648-83C1-22DFECC778C0}.CD_ROM|Mixed Platforms.ActiveCfg = Release|Any CPU
		{F68BA8F0-961A-4648-83C1-22DFECC778C0}.CD_ROM|Mixed Platforms.Build.0 = Release|Any CPU
		{F68BA8F0-961A-4648-83C1-22DFECC778C0}.CD_ROM|x86.ActiveCfg = Release|Any CPU
		{F68BA8F0-961A-4648-83C1-22DFECC778C0}.Debug|Any CPU.ActiveCfg = Debug|Any CPU
		{F68BA8F0-961A-4648-83C1-22DFECC778C0}.Debug|Any CPU.Build.0 = Debug|Any CPU
		{F68BA8F0-961A-4648-83C1-22DFECC778C0}.Debug|Mixed Platforms.ActiveCfg = Debug|Any CPU
		{F68BA8F0-961A-4648-83C1-22DFECC778C0}.Debug|Mixed Platforms.Build.0 = Debug|Any CPU
		{F68BA8F0-961A-4648-83C1-22DFECC778C0}.Debug|x86.ActiveCfg = Debug|Any CPU
		{F68BA8F0-961A-4648-83C1-22DFECC778C0}.DVD-5|Any CPU.ActiveCfg = Debug|Any CPU
		{F68BA8F0-961A-4648-83C1-22DFECC778C0}.DVD-5|Any CPU.Build.0 = Debug|Any CPU
		{F68BA8F0-961A-4648-83C1-22DFECC778C0}.DVD-5|Mixed Platforms.ActiveCfg = Debug|Any CPU
		{F68BA8F0-961A-4648-83C1-22DFECC778C0}.DVD-5|Mixed Platforms.Build.0 = Debug|Any CPU
		{F68BA8F0-961A-4648-83C1-22DFECC778C0}.DVD-5|x86.ActiveCfg = Debug|Any CPU
		{F68BA8F0-961A-4648-83C1-22DFECC778C0}.Release|Any CPU.ActiveCfg = Release|Any CPU
		{F68BA8F0-961A-4648-83C1-22DFECC778C0}.Release|Any CPU.Build.0 = Release|Any CPU
		{F68BA8F0-961A-4648-83C1-22DFECC778C0}.Release|Mixed Platforms.ActiveCfg = Release|Any CPU
		{F68BA8F0-961A-4648-83C1-22DFECC778C0}.Release|Mixed Platforms.Build.0 = Release|Any CPU
		{F68BA8F0-961A-4648-83C1-22DFECC778C0}.Release|x86.ActiveCfg = Release|Any CPU
		{F68BA8F0-961A-4648-83C1-22DFECC778C0}.SingleImage|Any CPU.ActiveCfg = Release|Any CPU
		{F68BA8F0-961A-4648-83C1-22DFECC778C0}.SingleImage|Any CPU.Build.0 = Release|Any CPU
		{F68BA8F0-961A-4648-83C1-22DFECC778C0}.SingleImage|Mixed Platforms.ActiveCfg = Release|Any CPU
		{F68BA8F0-961A-4648-83C1-22DFECC778C0}.SingleImage|Mixed Platforms.Build.0 = Release|Any CPU
		{F68BA8F0-961A-4648-83C1-22DFECC778C0}.SingleImage|x86.ActiveCfg = Release|Any CPU
		{2F0CC413-025A-47A7-94E3-33BCF796EE83}.CD_ROM|Any CPU.ActiveCfg = Release|x86
		{2F0CC413-025A-47A7-94E3-33BCF796EE83}.CD_ROM|Mixed Platforms.ActiveCfg = Release|Any CPU
		{2F0CC413-025A-47A7-94E3-33BCF796EE83}.CD_ROM|Mixed Platforms.Build.0 = Release|Any CPU
		{2F0CC413-025A-47A7-94E3-33BCF796EE83}.CD_ROM|x86.ActiveCfg = Release|x86
		{2F0CC413-025A-47A7-94E3-33BCF796EE83}.CD_ROM|x86.Build.0 = Release|x86
		{2F0CC413-025A-47A7-94E3-33BCF796EE83}.Debug|Any CPU.ActiveCfg = Debug|Any CPU
		{2F0CC413-025A-47A7-94E3-33BCF796EE83}.Debug|Any CPU.Build.0 = Debug|Any CPU
		{2F0CC413-025A-47A7-94E3-33BCF796EE83}.Debug|Mixed Platforms.ActiveCfg = Debug|Any CPU
		{2F0CC413-025A-47A7-94E3-33BCF796EE83}.Debug|Mixed Platforms.Build.0 = Debug|Any CPU
		{2F0CC413-025A-47A7-94E3-33BCF796EE83}.Debug|x86.ActiveCfg = Debug|x86
		{2F0CC413-025A-47A7-94E3-33BCF796EE83}.Debug|x86.Build.0 = Debug|x86
		{2F0CC413-025A-47A7-94E3-33BCF796EE83}.DVD-5|Any CPU.ActiveCfg = Debug|x86
		{2F0CC413-025A-47A7-94E3-33BCF796EE83}.DVD-5|Mixed Platforms.ActiveCfg = Debug|x86
		{2F0CC413-025A-47A7-94E3-33BCF796EE83}.DVD-5|Mixed Platforms.Build.0 = Debug|x86
		{2F0CC413-025A-47A7-94E3-33BCF796EE83}.DVD-5|x86.ActiveCfg = Debug|x86
		{2F0CC413-025A-47A7-94E3-33BCF796EE83}.DVD-5|x86.Build.0 = Debug|x86
		{2F0CC413-025A-47A7-94E3-33BCF796EE83}.Release|Any CPU.ActiveCfg = Release|Any CPU
		{2F0CC413-025A-47A7-94E3-33BCF796EE83}.Release|Any CPU.Build.0 = Release|Any CPU
		{2F0CC413-025A-47A7-94E3-33BCF796EE83}.Release|Mixed Platforms.ActiveCfg = Release|Any CPU
		{2F0CC413-025A-47A7-94E3-33BCF796EE83}.Release|Mixed Platforms.Build.0 = Release|Any CPU
		{2F0CC413-025A-47A7-94E3-33BCF796EE83}.Release|x86.ActiveCfg = Release|x86
		{2F0CC413-025A-47A7-94E3-33BCF796EE83}.Release|x86.Build.0 = Release|x86
		{2F0CC413-025A-47A7-94E3-33BCF796EE83}.SingleImage|Any CPU.ActiveCfg = Release|x86
		{2F0CC413-025A-47A7-94E3-33BCF796EE83}.SingleImage|Mixed Platforms.ActiveCfg = Release|Any CPU
		{2F0CC413-025A-47A7-94E3-33BCF796EE83}.SingleImage|Mixed Platforms.Build.0 = Release|Any CPU
		{2F0CC413-025A-47A7-94E3-33BCF796EE83}.SingleImage|x86.ActiveCfg = Release|x86
		{2F0CC413-025A-47A7-94E3-33BCF796EE83}.SingleImage|x86.Build.0 = Release|x86
		{4A831334-CF5C-4B71-BD50-AA980F20103F}.CD_ROM|Any CPU.ActiveCfg = Release|x86
		{4A831334-CF5C-4B71-BD50-AA980F20103F}.CD_ROM|Mixed Platforms.ActiveCfg = Release|x86
		{4A831334-CF5C-4B71-BD50-AA980F20103F}.CD_ROM|Mixed Platforms.Build.0 = Release|x86
		{4A831334-CF5C-4B71-BD50-AA980F20103F}.CD_ROM|x86.ActiveCfg = Release|x86
		{4A831334-CF5C-4B71-BD50-AA980F20103F}.CD_ROM|x86.Build.0 = Release|x86
		{4A831334-CF5C-4B71-BD50-AA980F20103F}.Debug|Any CPU.ActiveCfg = Debug|x86
		{4A831334-CF5C-4B71-BD50-AA980F20103F}.Debug|Mixed Platforms.ActiveCfg = Debug|x86
		{4A831334-CF5C-4B71-BD50-AA980F20103F}.Debug|Mixed Platforms.Build.0 = Debug|x86
		{4A831334-CF5C-4B71-BD50-AA980F20103F}.Debug|x86.ActiveCfg = Debug|x86
		{4A831334-CF5C-4B71-BD50-AA980F20103F}.Debug|x86.Build.0 = Debug|x86
		{4A831334-CF5C-4B71-BD50-AA980F20103F}.DVD-5|Any CPU.ActiveCfg = Debug|x86
		{4A831334-CF5C-4B71-BD50-AA980F20103F}.DVD-5|Mixed Platforms.ActiveCfg = Debug|x86
		{4A831334-CF5C-4B71-BD50-AA980F20103F}.DVD-5|Mixed Platforms.Build.0 = Debug|x86
		{4A831334-CF5C-4B71-BD50-AA980F20103F}.DVD-5|x86.ActiveCfg = Debug|x86
		{4A831334-CF5C-4B71-BD50-AA980F20103F}.DVD-5|x86.Build.0 = Debug|x86
		{4A831334-CF5C-4B71-BD50-AA980F20103F}.Release|Any CPU.ActiveCfg = Release|x86
		{4A831334-CF5C-4B71-BD50-AA980F20103F}.Release|Mixed Platforms.ActiveCfg = Release|x86
		{4A831334-CF5C-4B71-BD50-AA980F20103F}.Release|Mixed Platforms.Build.0 = Release|x86
		{4A831334-CF5C-4B71-BD50-AA980F20103F}.Release|x86.ActiveCfg = Release|x86
		{4A831334-CF5C-4B71-BD50-AA980F20103F}.Release|x86.Build.0 = Release|x86
		{4A831334-CF5C-4B71-BD50-AA980F20103F}.SingleImage|Any CPU.ActiveCfg = Release|x86
		{4A831334-CF5C-4B71-BD50-AA980F20103F}.SingleImage|Mixed Platforms.ActiveCfg = Release|x86
		{4A831334-CF5C-4B71-BD50-AA980F20103F}.SingleImage|Mixed Platforms.Build.0 = Release|x86
		{4A831334-CF5C-4B71-BD50-AA980F20103F}.SingleImage|x86.ActiveCfg = Release|x86
		{4A831334-CF5C-4B71-BD50-AA980F20103F}.SingleImage|x86.Build.0 = Release|x86
		{C0A349C9-E8A5-4DCD-8474-F32F3DE1C461}.CD_ROM|Any CPU.ActiveCfg = Release|x86
		{C0A349C9-E8A5-4DCD-8474-F32F3DE1C461}.CD_ROM|Mixed Platforms.ActiveCfg = Release|x86
		{C0A349C9-E8A5-4DCD-8474-F32F3DE1C461}.CD_ROM|Mixed Platforms.Build.0 = Release|x86
		{C0A349C9-E8A5-4DCD-8474-F32F3DE1C461}.CD_ROM|x86.ActiveCfg = Release|x86
		{C0A349C9-E8A5-4DCD-8474-F32F3DE1C461}.CD_ROM|x86.Build.0 = Release|x86
		{C0A349C9-E8A5-4DCD-8474-F32F3DE1C461}.Debug|Any CPU.ActiveCfg = Debug|x86
		{C0A349C9-E8A5-4DCD-8474-F32F3DE1C461}.Debug|Mixed Platforms.ActiveCfg = Debug|x86
		{C0A349C9-E8A5-4DCD-8474-F32F3DE1C461}.Debug|Mixed Platforms.Build.0 = Debug|x86
		{C0A349C9-E8A5-4DCD-8474-F32F3DE1C461}.Debug|x86.ActiveCfg = Debug|x86
		{C0A349C9-E8A5-4DCD-8474-F32F3DE1C461}.Debug|x86.Build.0 = Debug|x86
		{C0A349C9-E8A5-4DCD-8474-F32F3DE1C461}.DVD-5|Any CPU.ActiveCfg = Debug|x86
		{C0A349C9-E8A5-4DCD-8474-F32F3DE1C461}.DVD-5|Mixed Platforms.ActiveCfg = Debug|x86
		{C0A349C9-E8A5-4DCD-8474-F32F3DE1C461}.DVD-5|Mixed Platforms.Build.0 = Debug|x86
		{C0A349C9-E8A5-4DCD-8474-F32F3DE1C461}.DVD-5|x86.ActiveCfg = Debug|x86
		{C0A349C9-E8A5-4DCD-8474-F32F3DE1C461}.DVD-5|x86.Build.0 = Debug|x86
		{C0A349C9-E8A5-4DCD-8474-F32F3DE1C461}.Release|Any CPU.ActiveCfg = Release|x86
		{C0A349C9-E8A5-4DCD-8474-F32F3DE1C461}.Release|Mixed Platforms.ActiveCfg = Release|x86
		{C0A349C9-E8A5-4DCD-8474-F32F3DE1C461}.Release|Mixed Platforms.Build.0 = Release|x86
		{C0A349C9-E8A5-4DCD-8474-F32F3DE1C461}.Release|x86.ActiveCfg = Release|x86
		{C0A349C9-E8A5-4DCD-8474-F32F3DE1C461}.Release|x86.Build.0 = Release|x86
		{C0A349C9-E8A5-4DCD-8474-F32F3DE1C461}.SingleImage|Any CPU.ActiveCfg = Release|x86
		{C0A349C9-E8A5-4DCD-8474-F32F3DE1C461}.SingleImage|Mixed Platforms.ActiveCfg = Release|x86
		{C0A349C9-E8A5-4DCD-8474-F32F3DE1C461}.SingleImage|Mixed Platforms.Build.0 = Release|x86
		{C0A349C9-E8A5-4DCD-8474-F32F3DE1C461}.SingleImage|x86.ActiveCfg = Release|x86
		{C0A349C9-E8A5-4DCD-8474-F32F3DE1C461}.SingleImage|x86.Build.0 = Release|x86
		{7676D7FD-E8C0-4586-AD57-81DA9EDEBD25}.CD_ROM|Any CPU.ActiveCfg = Release|Any CPU
		{7676D7FD-E8C0-4586-AD57-81DA9EDEBD25}.CD_ROM|Any CPU.Build.0 = Release|Any CPU
		{7676D7FD-E8C0-4586-AD57-81DA9EDEBD25}.CD_ROM|Mixed Platforms.ActiveCfg = Release|Any CPU
		{7676D7FD-E8C0-4586-AD57-81DA9EDEBD25}.CD_ROM|Mixed Platforms.Build.0 = Release|Any CPU
		{7676D7FD-E8C0-4586-AD57-81DA9EDEBD25}.CD_ROM|x86.ActiveCfg = Release|Any CPU
		{7676D7FD-E8C0-4586-AD57-81DA9EDEBD25}.Debug|Any CPU.ActiveCfg = Debug|Any CPU
		{7676D7FD-E8C0-4586-AD57-81DA9EDEBD25}.Debug|Any CPU.Build.0 = Debug|Any CPU
		{7676D7FD-E8C0-4586-AD57-81DA9EDEBD25}.Debug|Mixed Platforms.ActiveCfg = Debug|Any CPU
		{7676D7FD-E8C0-4586-AD57-81DA9EDEBD25}.Debug|Mixed Platforms.Build.0 = Debug|Any CPU
		{7676D7FD-E8C0-4586-AD57-81DA9EDEBD25}.Debug|x86.ActiveCfg = Debug|Any CPU
		{7676D7FD-E8C0-4586-AD57-81DA9EDEBD25}.DVD-5|Any CPU.ActiveCfg = Debug|Any CPU
		{7676D7FD-E8C0-4586-AD57-81DA9EDEBD25}.DVD-5|Any CPU.Build.0 = Debug|Any CPU
		{7676D7FD-E8C0-4586-AD57-81DA9EDEBD25}.DVD-5|Mixed Platforms.ActiveCfg = Debug|Any CPU
		{7676D7FD-E8C0-4586-AD57-81DA9EDEBD25}.DVD-5|Mixed Platforms.Build.0 = Debug|Any CPU
		{7676D7FD-E8C0-4586-AD57-81DA9EDEBD25}.DVD-5|x86.ActiveCfg = Debug|Any CPU
		{7676D7FD-E8C0-4586-AD57-81DA9EDEBD25}.Release|Any CPU.ActiveCfg = Release|Any CPU
		{7676D7FD-E8C0-4586-AD57-81DA9EDEBD25}.Release|Any CPU.Build.0 = Release|Any CPU
		{7676D7FD-E8C0-4586-AD57-81DA9EDEBD25}.Release|Mixed Platforms.ActiveCfg = Release|Any CPU
		{7676D7FD-E8C0-4586-AD57-81DA9EDEBD25}.Release|Mixed Platforms.Build.0 = Release|Any CPU
		{7676D7FD-E8C0-4586-AD57-81DA9EDEBD25}.Release|x86.ActiveCfg = Release|Any CPU
		{7676D7FD-E8C0-4586-AD57-81DA9EDEBD25}.SingleImage|Any CPU.ActiveCfg = Release|Any CPU
		{7676D7FD-E8C0-4586-AD57-81DA9EDEBD25}.SingleImage|Any CPU.Build.0 = Release|Any CPU
		{7676D7FD-E8C0-4586-AD57-81DA9EDEBD25}.SingleImage|Mixed Platforms.ActiveCfg = Release|Any CPU
		{7676D7FD-E8C0-4586-AD57-81DA9EDEBD25}.SingleImage|Mixed Platforms.Build.0 = Release|Any CPU
		{7676D7FD-E8C0-4586-AD57-81DA9EDEBD25}.SingleImage|x86.ActiveCfg = Release|Any CPU
		{2CC03372-A821-4775-BDD0-53F63ADC8B31}.CD_ROM|Any CPU.ActiveCfg = Release|Any CPU
		{2CC03372-A821-4775-BDD0-53F63ADC8B31}.CD_ROM|Any CPU.Build.0 = Release|Any CPU
		{2CC03372-A821-4775-BDD0-53F63ADC8B31}.CD_ROM|Mixed Platforms.ActiveCfg = Release|Any CPU
		{2CC03372-A821-4775-BDD0-53F63ADC8B31}.CD_ROM|Mixed Platforms.Build.0 = Release|Any CPU
		{2CC03372-A821-4775-BDD0-53F63ADC8B31}.CD_ROM|x86.ActiveCfg = Release|Any CPU
		{2CC03372-A821-4775-BDD0-53F63ADC8B31}.Debug|Any CPU.ActiveCfg = Debug|Any CPU
		{2CC03372-A821-4775-BDD0-53F63ADC8B31}.Debug|Any CPU.Build.0 = Debug|Any CPU
		{2CC03372-A821-4775-BDD0-53F63ADC8B31}.Debug|Mixed Platforms.ActiveCfg = Debug|Any CPU
		{2CC03372-A821-4775-BDD0-53F63ADC8B31}.Debug|Mixed Platforms.Build.0 = Debug|Any CPU
		{2CC03372-A821-4775-BDD0-53F63ADC8B31}.Debug|x86.ActiveCfg = Debug|Any CPU
		{2CC03372-A821-4775-BDD0-53F63ADC8B31}.DVD-5|Any CPU.ActiveCfg = Debug|Any CPU
		{2CC03372-A821-4775-BDD0-53F63ADC8B31}.DVD-5|Any CPU.Build.0 = Debug|Any CPU
		{2CC03372-A821-4775-BDD0-53F63ADC8B31}.DVD-5|Mixed Platforms.ActiveCfg = Debug|Any CPU
		{2CC03372-A821-4775-BDD0-53F63ADC8B31}.DVD-5|Mixed Platforms.Build.0 = Debug|Any CPU
		{2CC03372-A821-4775-BDD0-53F63ADC8B31}.DVD-5|x86.ActiveCfg = Debug|Any CPU
		{2CC03372-A821-4775-BDD0-53F63ADC8B31}.Release|Any CPU.ActiveCfg = Release|Any CPU
		{2CC03372-A821-4775-BDD0-53F63ADC8B31}.Release|Any CPU.Build.0 = Release|Any CPU
		{2CC03372-A821-4775-BDD0-53F63ADC8B31}.Release|Mixed Platforms.ActiveCfg = Release|Any CPU
		{2CC03372-A821-4775-BDD0-53F63ADC8B31}.Release|Mixed Platforms.Build.0 = Release|Any CPU
		{2CC03372-A821-4775-BDD0-53F63ADC8B31}.Release|x86.ActiveCfg = Release|Any CPU
		{2CC03372-A821-4775-BDD0-53F63ADC8B31}.SingleImage|Any CPU.ActiveCfg = Release|Any CPU
		{2CC03372-A821-4775-BDD0-53F63ADC8B31}.SingleImage|Any CPU.Build.0 = Release|Any CPU
		{2CC03372-A821-4775-BDD0-53F63ADC8B31}.SingleImage|Mixed Platforms.ActiveCfg = Release|Any CPU
		{2CC03372-A821-4775-BDD0-53F63ADC8B31}.SingleImage|Mixed Platforms.Build.0 = Release|Any CPU
		{2CC03372-A821-4775-BDD0-53F63ADC8B31}.SingleImage|x86.ActiveCfg = Release|Any CPU
		{2EEA4005-E880-493F-9007-12C29CAA13C7}.CD_ROM|Any CPU.ActiveCfg = Release|x86
		{2EEA4005-E880-493F-9007-12C29CAA13C7}.CD_ROM|Mixed Platforms.ActiveCfg = Release|x86
		{2EEA4005-E880-493F-9007-12C29CAA13C7}.CD_ROM|Mixed Platforms.Build.0 = Release|x86
		{2EEA4005-E880-493F-9007-12C29CAA13C7}.CD_ROM|x86.ActiveCfg = Release|x86
		{2EEA4005-E880-493F-9007-12C29CAA13C7}.CD_ROM|x86.Build.0 = Release|x86
		{2EEA4005-E880-493F-9007-12C29CAA13C7}.Debug|Any CPU.ActiveCfg = Debug|x86
		{2EEA4005-E880-493F-9007-12C29CAA13C7}.Debug|Mixed Platforms.ActiveCfg = Debug|x86
		{2EEA4005-E880-493F-9007-12C29CAA13C7}.Debug|Mixed Platforms.Build.0 = Debug|x86
		{2EEA4005-E880-493F-9007-12C29CAA13C7}.Debug|x86.ActiveCfg = Debug|x86
		{2EEA4005-E880-493F-9007-12C29CAA13C7}.Debug|x86.Build.0 = Debug|x86
		{2EEA4005-E880-493F-9007-12C29CAA13C7}.DVD-5|Any CPU.ActiveCfg = Debug|x86
		{2EEA4005-E880-493F-9007-12C29CAA13C7}.DVD-5|Mixed Platforms.ActiveCfg = Debug|x86
		{2EEA4005-E880-493F-9007-12C29CAA13C7}.DVD-5|Mixed Platforms.Build.0 = Debug|x86
		{2EEA4005-E880-493F-9007-12C29CAA13C7}.DVD-5|x86.ActiveCfg = Debug|x86
		{2EEA4005-E880-493F-9007-12C29CAA13C7}.DVD-5|x86.Build.0 = Debug|x86
		{2EEA4005-E880-493F-9007-12C29CAA13C7}.Release|Any CPU.ActiveCfg = Release|x86
		{2EEA4005-E880-493F-9007-12C29CAA13C7}.Release|Mixed Platforms.ActiveCfg = Release|x86
		{2EEA4005-E880-493F-9007-12C29CAA13C7}.Release|Mixed Platforms.Build.0 = Release|x86
		{2EEA4005-E880-493F-9007-12C29CAA13C7}.Release|x86.ActiveCfg = Release|x86
		{2EEA4005-E880-493F-9007-12C29CAA13C7}.Release|x86.Build.0 = Release|x86
		{2EEA4005-E880-493F-9007-12C29CAA13C7}.SingleImage|Any CPU.ActiveCfg = Release|x86
		{2EEA4005-E880-493F-9007-12C29CAA13C7}.SingleImage|Mixed Platforms.ActiveCfg = Release|x86
		{2EEA4005-E880-493F-9007-12C29CAA13C7}.SingleImage|Mixed Platforms.Build.0 = Release|x86
		{2EEA4005-E880-493F-9007-12C29CAA13C7}.SingleImage|x86.ActiveCfg = Release|x86
		{2EEA4005-E880-493F-9007-12C29CAA13C7}.SingleImage|x86.Build.0 = Release|x86
		{D7AB4091-6521-4612-AF9F-8A84FBFB68A1}.CD_ROM|Any CPU.ActiveCfg = Release|Any CPU
		{D7AB4091-6521-4612-AF9F-8A84FBFB68A1}.CD_ROM|Any CPU.Build.0 = Release|Any CPU
		{D7AB4091-6521-4612-AF9F-8A84FBFB68A1}.CD_ROM|Mixed Platforms.ActiveCfg = Release|Any CPU
		{D7AB4091-6521-4612-AF9F-8A84FBFB68A1}.CD_ROM|Mixed Platforms.Build.0 = Release|Any CPU
		{D7AB4091-6521-4612-AF9F-8A84FBFB68A1}.CD_ROM|x86.ActiveCfg = Release|Any CPU
		{D7AB4091-6521-4612-AF9F-8A84FBFB68A1}.Debug|Any CPU.ActiveCfg = Debug|Any CPU
		{D7AB4091-6521-4612-AF9F-8A84FBFB68A1}.Debug|Any CPU.Build.0 = Debug|Any CPU
		{D7AB4091-6521-4612-AF9F-8A84FBFB68A1}.Debug|Mixed Platforms.ActiveCfg = Debug|Any CPU
		{D7AB4091-6521-4612-AF9F-8A84FBFB68A1}.Debug|Mixed Platforms.Build.0 = Debug|Any CPU
		{D7AB4091-6521-4612-AF9F-8A84FBFB68A1}.Debug|x86.ActiveCfg = Debug|Any CPU
		{D7AB4091-6521-4612-AF9F-8A84FBFB68A1}.DVD-5|Any CPU.ActiveCfg = Debug|Any CPU
		{D7AB4091-6521-4612-AF9F-8A84FBFB68A1}.DVD-5|Any CPU.Build.0 = Debug|Any CPU
		{D7AB4091-6521-4612-AF9F-8A84FBFB68A1}.DVD-5|Mixed Platforms.ActiveCfg = Debug|Any CPU
		{D7AB4091-6521-4612-AF9F-8A84FBFB68A1}.DVD-5|Mixed Platforms.Build.0 = Debug|Any CPU
		{D7AB4091-6521-4612-AF9F-8A84FBFB68A1}.DVD-5|x86.ActiveCfg = Debug|Any CPU
		{D7AB4091-6521-4612-AF9F-8A84FBFB68A1}.Release|Any CPU.ActiveCfg = Release|Any CPU
		{D7AB4091-6521-4612-AF9F-8A84FBFB68A1}.Release|Any CPU.Build.0 = Release|Any CPU
		{D7AB4091-6521-4612-AF9F-8A84FBFB68A1}.Release|Mixed Platforms.ActiveCfg = Release|Any CPU
		{D7AB4091-6521-4612-AF9F-8A84FBFB68A1}.Release|Mixed Platforms.Build.0 = Release|Any CPU
		{D7AB4091-6521-4612-AF9F-8A84FBFB68A1}.Release|x86.ActiveCfg = Release|Any CPU
		{D7AB4091-6521-4612-AF9F-8A84FBFB68A1}.SingleImage|Any CPU.ActiveCfg = Release|Any CPU
		{D7AB4091-6521-4612-AF9F-8A84FBFB68A1}.SingleImage|Any CPU.Build.0 = Release|Any CPU
		{D7AB4091-6521-4612-AF9F-8A84FBFB68A1}.SingleImage|Mixed Platforms.ActiveCfg = Release|Any CPU
		{D7AB4091-6521-4612-AF9F-8A84FBFB68A1}.SingleImage|Mixed Platforms.Build.0 = Release|Any CPU
		{D7AB4091-6521-4612-AF9F-8A84FBFB68A1}.SingleImage|x86.ActiveCfg = Release|Any CPU
		{98B0E41D-A462-4E56-BB3E-C821F39A80F2}.CD_ROM|Any CPU.ActiveCfg = Release|Any CPU
		{98B0E41D-A462-4E56-BB3E-C821F39A80F2}.CD_ROM|Any CPU.Build.0 = Release|Any CPU
		{98B0E41D-A462-4E56-BB3E-C821F39A80F2}.CD_ROM|Mixed Platforms.ActiveCfg = Release|Any CPU
		{98B0E41D-A462-4E56-BB3E-C821F39A80F2}.CD_ROM|Mixed Platforms.Build.0 = Release|Any CPU
		{98B0E41D-A462-4E56-BB3E-C821F39A80F2}.CD_ROM|x86.ActiveCfg = Release|Any CPU
		{98B0E41D-A462-4E56-BB3E-C821F39A80F2}.Debug|Any CPU.ActiveCfg = Debug|Any CPU
		{98B0E41D-A462-4E56-BB3E-C821F39A80F2}.Debug|Any CPU.Build.0 = Debug|Any CPU
		{98B0E41D-A462-4E56-BB3E-C821F39A80F2}.Debug|Mixed Platforms.ActiveCfg = Debug|Any CPU
		{98B0E41D-A462-4E56-BB3E-C821F39A80F2}.Debug|Mixed Platforms.Build.0 = Debug|Any CPU
		{98B0E41D-A462-4E56-BB3E-C821F39A80F2}.Debug|x86.ActiveCfg = Debug|Any CPU
		{98B0E41D-A462-4E56-BB3E-C821F39A80F2}.DVD-5|Any CPU.ActiveCfg = Debug|Any CPU
		{98B0E41D-A462-4E56-BB3E-C821F39A80F2}.DVD-5|Any CPU.Build.0 = Debug|Any CPU
		{98B0E41D-A462-4E56-BB3E-C821F39A80F2}.DVD-5|Mixed Platforms.ActiveCfg = Debug|Any CPU
		{98B0E41D-A462-4E56-BB3E-C821F39A80F2}.DVD-5|Mixed Platforms.Build.0 = Debug|Any CPU
		{98B0E41D-A462-4E56-BB3E-C821F39A80F2}.DVD-5|x86.ActiveCfg = Debug|Any CPU
		{98B0E41D-A462-4E56-BB3E-C821F39A80F2}.Release|Any CPU.ActiveCfg = Release|Any CPU
		{98B0E41D-A462-4E56-BB3E-C821F39A80F2}.Release|Any CPU.Build.0 = Release|Any CPU
		{98B0E41D-A462-4E56-BB3E-C821F39A80F2}.Release|Mixed Platforms.ActiveCfg = Release|Any CPU
		{98B0E41D-A462-4E56-BB3E-C821F39A80F2}.Release|Mixed Platforms.Build.0 = Release|Any CPU
		{98B0E41D-A462-4E56-BB3E-C821F39A80F2}.Release|x86.ActiveCfg = Release|Any CPU
		{98B0E41D-A462-4E56-BB3E-C821F39A80F2}.SingleImage|Any CPU.ActiveCfg = Release|Any CPU
		{98B0E41D-A462-4E56-BB3E-C821F39A80F2}.SingleImage|Any CPU.Build.0 = Release|Any CPU
		{98B0E41D-A462-4E56-BB3E-C821F39A80F2}.SingleImage|Mixed Platforms.ActiveCfg = Release|Any CPU
		{98B0E41D-A462-4E56-BB3E-C821F39A80F2}.SingleImage|Mixed Platforms.Build.0 = Release|Any CPU
		{98B0E41D-A462-4E56-BB3E-C821F39A80F2}.SingleImage|x86.ActiveCfg = Release|Any CPU
		{06A0A6D1-2126-400D-81CB-D54F2D8A6DC8}.CD_ROM|Any CPU.ActiveCfg = Release|x86
		{06A0A6D1-2126-400D-81CB-D54F2D8A6DC8}.CD_ROM|Mixed Platforms.ActiveCfg = Release|x86
		{06A0A6D1-2126-400D-81CB-D54F2D8A6DC8}.CD_ROM|Mixed Platforms.Build.0 = Release|x86
		{06A0A6D1-2126-400D-81CB-D54F2D8A6DC8}.CD_ROM|x86.ActiveCfg = Release|x86
		{06A0A6D1-2126-400D-81CB-D54F2D8A6DC8}.CD_ROM|x86.Build.0 = Release|x86
		{06A0A6D1-2126-400D-81CB-D54F2D8A6DC8}.Debug|Any CPU.ActiveCfg = Debug|x86
		{06A0A6D1-2126-400D-81CB-D54F2D8A6DC8}.Debug|Mixed Platforms.ActiveCfg = Debug|x86
		{06A0A6D1-2126-400D-81CB-D54F2D8A6DC8}.Debug|Mixed Platforms.Build.0 = Debug|x86
		{06A0A6D1-2126-400D-81CB-D54F2D8A6DC8}.Debug|x86.ActiveCfg = Debug|x86
		{06A0A6D1-2126-400D-81CB-D54F2D8A6DC8}.Debug|x86.Build.0 = Debug|x86
		{06A0A6D1-2126-400D-81CB-D54F2D8A6DC8}.DVD-5|Any CPU.ActiveCfg = Debug|x86
		{06A0A6D1-2126-400D-81CB-D54F2D8A6DC8}.DVD-5|Mixed Platforms.ActiveCfg = Debug|x86
		{06A0A6D1-2126-400D-81CB-D54F2D8A6DC8}.DVD-5|Mixed Platforms.Build.0 = Debug|x86
		{06A0A6D1-2126-400D-81CB-D54F2D8A6DC8}.DVD-5|x86.ActiveCfg = Debug|x86
		{06A0A6D1-2126-400D-81CB-D54F2D8A6DC8}.DVD-5|x86.Build.0 = Debug|x86
		{06A0A6D1-2126-400D-81CB-D54F2D8A6DC8}.Release|Any CPU.ActiveCfg = Release|x86
		{06A0A6D1-2126-400D-81CB-D54F2D8A6DC8}.Release|Mixed Platforms.ActiveCfg = Release|x86
		{06A0A6D1-2126-400D-81CB-D54F2D8A6DC8}.Release|Mixed Platforms.Build.0 = Release|x86
		{06A0A6D1-2126-400D-81CB-D54F2D8A6DC8}.Release|x86.ActiveCfg = Release|x86
		{06A0A6D1-2126-400D-81CB-D54F2D8A6DC8}.Release|x86.Build.0 = Release|x86
		{06A0A6D1-2126-400D-81CB-D54F2D8A6DC8}.SingleImage|Any CPU.ActiveCfg = Release|x86
		{06A0A6D1-2126-400D-81CB-D54F2D8A6DC8}.SingleImage|Mixed Platforms.ActiveCfg = Release|x86
		{06A0A6D1-2126-400D-81CB-D54F2D8A6DC8}.SingleImage|Mixed Platforms.Build.0 = Release|x86
		{06A0A6D1-2126-400D-81CB-D54F2D8A6DC8}.SingleImage|x86.ActiveCfg = Release|x86
		{06A0A6D1-2126-400D-81CB-D54F2D8A6DC8}.SingleImage|x86.Build.0 = Release|x86
		{D783A97C-67CA-4D71-911B-9ADC9F914D66}.CD_ROM|Any CPU.ActiveCfg = Release|Any CPU
		{D783A97C-67CA-4D71-911B-9ADC9F914D66}.CD_ROM|Any CPU.Build.0 = Release|Any CPU
		{D783A97C-67CA-4D71-911B-9ADC9F914D66}.CD_ROM|Mixed Platforms.ActiveCfg = Release|Any CPU
		{D783A97C-67CA-4D71-911B-9ADC9F914D66}.CD_ROM|Mixed Platforms.Build.0 = Release|Any CPU
		{D783A97C-67CA-4D71-911B-9ADC9F914D66}.CD_ROM|x86.ActiveCfg = Release|Any CPU
		{D783A97C-67CA-4D71-911B-9ADC9F914D66}.Debug|Any CPU.ActiveCfg = Debug|Any CPU
		{D783A97C-67CA-4D71-911B-9ADC9F914D66}.Debug|Any CPU.Build.0 = Debug|Any CPU
		{D783A97C-67CA-4D71-911B-9ADC9F914D66}.Debug|Mixed Platforms.ActiveCfg = Debug|Any CPU
		{D783A97C-67CA-4D71-911B-9ADC9F914D66}.Debug|Mixed Platforms.Build.0 = Debug|Any CPU
		{D783A97C-67CA-4D71-911B-9ADC9F914D66}.Debug|x86.ActiveCfg = Debug|Any CPU
		{D783A97C-67CA-4D71-911B-9ADC9F914D66}.DVD-5|Any CPU.ActiveCfg = Debug|Any CPU
		{D783A97C-67CA-4D71-911B-9ADC9F914D66}.DVD-5|Any CPU.Build.0 = Debug|Any CPU
		{D783A97C-67CA-4D71-911B-9ADC9F914D66}.DVD-5|Mixed Platforms.ActiveCfg = Debug|Any CPU
		{D783A97C-67CA-4D71-911B-9ADC9F914D66}.DVD-5|Mixed Platforms.Build.0 = Debug|Any CPU
		{D783A97C-67CA-4D71-911B-9ADC9F914D66}.DVD-5|x86.ActiveCfg = Debug|Any CPU
		{D783A97C-67CA-4D71-911B-9ADC9F914D66}.Release|Any CPU.ActiveCfg = Release|Any CPU
		{D783A97C-67CA-4D71-911B-9ADC9F914D66}.Release|Any CPU.Build.0 = Release|Any CPU
		{D783A97C-67CA-4D71-911B-9ADC9F914D66}.Release|Mixed Platforms.ActiveCfg = Release|Any CPU
		{D783A97C-67CA-4D71-911B-9ADC9F914D66}.Release|Mixed Platforms.Build.0 = Release|Any CPU
		{D783A97C-67CA-4D71-911B-9ADC9F914D66}.Release|x86.ActiveCfg = Release|Any CPU
		{D783A97C-67CA-4D71-911B-9ADC9F914D66}.SingleImage|Any CPU.ActiveCfg = Release|Any CPU
		{D783A97C-67CA-4D71-911B-9ADC9F914D66}.SingleImage|Any CPU.Build.0 = Release|Any CPU
		{D783A97C-67CA-4D71-911B-9ADC9F914D66}.SingleImage|Mixed Platforms.ActiveCfg = Release|Any CPU
		{D783A97C-67CA-4D71-911B-9ADC9F914D66}.SingleImage|Mixed Platforms.Build.0 = Release|Any CPU
		{D783A97C-67CA-4D71-911B-9ADC9F914D66}.SingleImage|x86.ActiveCfg = Release|Any CPU
		{88B499FA-74B2-435B-AC49-E23CB386ED83}.CD_ROM|Any CPU.ActiveCfg = Release|Any CPU
		{88B499FA-74B2-435B-AC49-E23CB386ED83}.CD_ROM|Any CPU.Build.0 = Release|Any CPU
		{88B499FA-74B2-435B-AC49-E23CB386ED83}.CD_ROM|Mixed Platforms.ActiveCfg = Release|Any CPU
		{88B499FA-74B2-435B-AC49-E23CB386ED83}.CD_ROM|Mixed Platforms.Build.0 = Release|Any CPU
		{88B499FA-74B2-435B-AC49-E23CB386ED83}.CD_ROM|x86.ActiveCfg = Release|Any CPU
		{88B499FA-74B2-435B-AC49-E23CB386ED83}.Debug|Any CPU.ActiveCfg = Debug|Any CPU
		{88B499FA-74B2-435B-AC49-E23CB386ED83}.Debug|Any CPU.Build.0 = Debug|Any CPU
		{88B499FA-74B2-435B-AC49-E23CB386ED83}.Debug|Mixed Platforms.ActiveCfg = Debug|Any CPU
		{88B499FA-74B2-435B-AC49-E23CB386ED83}.Debug|Mixed Platforms.Build.0 = Debug|Any CPU
		{88B499FA-74B2-435B-AC49-E23CB386ED83}.Debug|x86.ActiveCfg = Debug|Any CPU
		{88B499FA-74B2-435B-AC49-E23CB386ED83}.DVD-5|Any CPU.ActiveCfg = Debug|Any CPU
		{88B499FA-74B2-435B-AC49-E23CB386ED83}.DVD-5|Any CPU.Build.0 = Debug|Any CPU
		{88B499FA-74B2-435B-AC49-E23CB386ED83}.DVD-5|Mixed Platforms.ActiveCfg = Debug|Any CPU
		{88B499FA-74B2-435B-AC49-E23CB386ED83}.DVD-5|Mixed Platforms.Build.0 = Debug|Any CPU
		{88B499FA-74B2-435B-AC49-E23CB386ED83}.DVD-5|x86.ActiveCfg = Debug|Any CPU
		{88B499FA-74B2-435B-AC49-E23CB386ED83}.Release|Any CPU.ActiveCfg = Release|Any CPU
		{88B499FA-74B2-435B-AC49-E23CB386ED83}.Release|Any CPU.Build.0 = Release|Any CPU
		{88B499FA-74B2-435B-AC49-E23CB386ED83}.Release|Mixed Platforms.ActiveCfg = Release|Any CPU
		{88B499FA-74B2-435B-AC49-E23CB386ED83}.Release|Mixed Platforms.Build.0 = Release|Any CPU
		{88B499FA-74B2-435B-AC49-E23CB386ED83}.Release|x86.ActiveCfg = Release|Any CPU
		{88B499FA-74B2-435B-AC49-E23CB386ED83}.SingleImage|Any CPU.ActiveCfg = Release|Any CPU
		{88B499FA-74B2-435B-AC49-E23CB386ED83}.SingleImage|Any CPU.Build.0 = Release|Any CPU
		{88B499FA-74B2-435B-AC49-E23CB386ED83}.SingleImage|Mixed Platforms.ActiveCfg = Release|Any CPU
		{88B499FA-74B2-435B-AC49-E23CB386ED83}.SingleImage|Mixed Platforms.Build.0 = Release|Any CPU
		{88B499FA-74B2-435B-AC49-E23CB386ED83}.SingleImage|x86.ActiveCfg = Release|Any CPU
		{7BEB8BC2-3C4E-42E8-A47C-77A809A66FB2}.CD_ROM|Any CPU.ActiveCfg = Release|Any CPU
		{7BEB8BC2-3C4E-42E8-A47C-77A809A66FB2}.CD_ROM|Any CPU.Build.0 = Release|Any CPU
		{7BEB8BC2-3C4E-42E8-A47C-77A809A66FB2}.CD_ROM|Mixed Platforms.ActiveCfg = Release|Any CPU
		{7BEB8BC2-3C4E-42E8-A47C-77A809A66FB2}.CD_ROM|Mixed Platforms.Build.0 = Release|Any CPU
		{7BEB8BC2-3C4E-42E8-A47C-77A809A66FB2}.CD_ROM|x86.ActiveCfg = Release|Any CPU
		{7BEB8BC2-3C4E-42E8-A47C-77A809A66FB2}.Debug|Any CPU.ActiveCfg = Debug|Any CPU
		{7BEB8BC2-3C4E-42E8-A47C-77A809A66FB2}.Debug|Any CPU.Build.0 = Debug|Any CPU
		{7BEB8BC2-3C4E-42E8-A47C-77A809A66FB2}.Debug|Mixed Platforms.ActiveCfg = Debug|Any CPU
		{7BEB8BC2-3C4E-42E8-A47C-77A809A66FB2}.Debug|Mixed Platforms.Build.0 = Debug|Any CPU
		{7BEB8BC2-3C4E-42E8-A47C-77A809A66FB2}.Debug|x86.ActiveCfg = Debug|Any CPU
		{7BEB8BC2-3C4E-42E8-A47C-77A809A66FB2}.DVD-5|Any CPU.ActiveCfg = Debug|Any CPU
		{7BEB8BC2-3C4E-42E8-A47C-77A809A66FB2}.DVD-5|Any CPU.Build.0 = Debug|Any CPU
		{7BEB8BC2-3C4E-42E8-A47C-77A809A66FB2}.DVD-5|Mixed Platforms.ActiveCfg = Debug|Any CPU
		{7BEB8BC2-3C4E-42E8-A47C-77A809A66FB2}.DVD-5|Mixed Platforms.Build.0 = Debug|Any CPU
		{7BEB8BC2-3C4E-42E8-A47C-77A809A66FB2}.DVD-5|x86.ActiveCfg = Debug|Any CPU
		{7BEB8BC2-3C4E-42E8-A47C-77A809A66FB2}.Release|Any CPU.ActiveCfg = Release|Any CPU
		{7BEB8BC2-3C4E-42E8-A47C-77A809A66FB2}.Release|Any CPU.Build.0 = Release|Any CPU
		{7BEB8BC2-3C4E-42E8-A47C-77A809A66FB2}.Release|Mixed Platforms.ActiveCfg = Release|Any CPU
		{7BEB8BC2-3C4E-42E8-A47C-77A809A66FB2}.Release|Mixed Platforms.Build.0 = Release|Any CPU
		{7BEB8BC2-3C4E-42E8-A47C-77A809A66FB2}.Release|x86.ActiveCfg = Release|Any CPU
		{7BEB8BC2-3C4E-42E8-A47C-77A809A66FB2}.SingleImage|Any CPU.ActiveCfg = Release|Any CPU
		{7BEB8BC2-3C4E-42E8-A47C-77A809A66FB2}.SingleImage|Any CPU.Build.0 = Release|Any CPU
		{7BEB8BC2-3C4E-42E8-A47C-77A809A66FB2}.SingleImage|Mixed Platforms.ActiveCfg = Release|Any CPU
		{7BEB8BC2-3C4E-42E8-A47C-77A809A66FB2}.SingleImage|Mixed Platforms.Build.0 = Release|Any CPU
		{7BEB8BC2-3C4E-42E8-A47C-77A809A66FB2}.SingleImage|x86.ActiveCfg = Release|Any CPU
		{A5B3ABF7-E91E-4751-9B0A-22563A86EFC9}.CD_ROM|Any CPU.ActiveCfg = Release|x86
		{A5B3ABF7-E91E-4751-9B0A-22563A86EFC9}.CD_ROM|Mixed Platforms.ActiveCfg = Release|x86
		{A5B3ABF7-E91E-4751-9B0A-22563A86EFC9}.CD_ROM|Mixed Platforms.Build.0 = Release|x86
		{A5B3ABF7-E91E-4751-9B0A-22563A86EFC9}.CD_ROM|x86.ActiveCfg = Release|x86
		{A5B3ABF7-E91E-4751-9B0A-22563A86EFC9}.CD_ROM|x86.Build.0 = Release|x86
		{A5B3ABF7-E91E-4751-9B0A-22563A86EFC9}.Debug|Any CPU.ActiveCfg = Debug|x86
		{A5B3ABF7-E91E-4751-9B0A-22563A86EFC9}.Debug|Mixed Platforms.ActiveCfg = Debug|x86
		{A5B3ABF7-E91E-4751-9B0A-22563A86EFC9}.Debug|Mixed Platforms.Build.0 = Debug|x86
		{A5B3ABF7-E91E-4751-9B0A-22563A86EFC9}.Debug|x86.ActiveCfg = Debug|x86
		{A5B3ABF7-E91E-4751-9B0A-22563A86EFC9}.Debug|x86.Build.0 = Debug|x86
		{A5B3ABF7-E91E-4751-9B0A-22563A86EFC9}.DVD-5|Any CPU.ActiveCfg = Debug|x86
		{A5B3ABF7-E91E-4751-9B0A-22563A86EFC9}.DVD-5|Mixed Platforms.ActiveCfg = Debug|x86
		{A5B3ABF7-E91E-4751-9B0A-22563A86EFC9}.DVD-5|Mixed Platforms.Build.0 = Debug|x86
		{A5B3ABF7-E91E-4751-9B0A-22563A86EFC9}.DVD-5|x86.ActiveCfg = Debug|x86
		{A5B3ABF7-E91E-4751-9B0A-22563A86EFC9}.DVD-5|x86.Build.0 = Debug|x86
		{A5B3ABF7-E91E-4751-9B0A-22563A86EFC9}.Release|Any CPU.ActiveCfg = Release|x86
		{A5B3ABF7-E91E-4751-9B0A-22563A86EFC9}.Release|Mixed Platforms.ActiveCfg = Release|x86
		{A5B3ABF7-E91E-4751-9B0A-22563A86EFC9}.Release|Mixed Platforms.Build.0 = Release|x86
		{A5B3ABF7-E91E-4751-9B0A-22563A86EFC9}.Release|x86.ActiveCfg = Release|x86
		{A5B3ABF7-E91E-4751-9B0A-22563A86EFC9}.Release|x86.Build.0 = Release|x86
		{A5B3ABF7-E91E-4751-9B0A-22563A86EFC9}.SingleImage|Any CPU.ActiveCfg = Release|x86
		{A5B3ABF7-E91E-4751-9B0A-22563A86EFC9}.SingleImage|Mixed Platforms.ActiveCfg = Release|x86
		{A5B3ABF7-E91E-4751-9B0A-22563A86EFC9}.SingleImage|Mixed Platforms.Build.0 = Release|x86
		{A5B3ABF7-E91E-4751-9B0A-22563A86EFC9}.SingleImage|x86.ActiveCfg = Release|x86
		{A5B3ABF7-E91E-4751-9B0A-22563A86EFC9}.SingleImage|x86.Build.0 = Release|x86
		{A99907B2-C045-48D3-B9D9-33B6D14238C0}.CD_ROM|Any CPU.ActiveCfg = Release|x86
		{A99907B2-C045-48D3-B9D9-33B6D14238C0}.CD_ROM|Mixed Platforms.ActiveCfg = Release|x86
		{A99907B2-C045-48D3-B9D9-33B6D14238C0}.CD_ROM|Mixed Platforms.Build.0 = Release|x86
		{A99907B2-C045-48D3-B9D9-33B6D14238C0}.CD_ROM|x86.ActiveCfg = Release|x86
		{A99907B2-C045-48D3-B9D9-33B6D14238C0}.CD_ROM|x86.Build.0 = Release|x86
		{A99907B2-C045-48D3-B9D9-33B6D14238C0}.Debug|Any CPU.ActiveCfg = Debug|x86
		{A99907B2-C045-48D3-B9D9-33B6D14238C0}.Debug|Mixed Platforms.ActiveCfg = Debug|x86
		{A99907B2-C045-48D3-B9D9-33B6D14238C0}.Debug|Mixed Platforms.Build.0 = Debug|x86
		{A99907B2-C045-48D3-B9D9-33B6D14238C0}.Debug|x86.ActiveCfg = Debug|x86
		{A99907B2-C045-48D3-B9D9-33B6D14238C0}.Debug|x86.Build.0 = Debug|x86
		{A99907B2-C045-48D3-B9D9-33B6D14238C0}.DVD-5|Any CPU.ActiveCfg = Debug|x86
		{A99907B2-C045-48D3-B9D9-33B6D14238C0}.DVD-5|Mixed Platforms.ActiveCfg = Debug|x86
		{A99907B2-C045-48D3-B9D9-33B6D14238C0}.DVD-5|Mixed Platforms.Build.0 = Debug|x86
		{A99907B2-C045-48D3-B9D9-33B6D14238C0}.DVD-5|x86.ActiveCfg = Debug|x86
		{A99907B2-C045-48D3-B9D9-33B6D14238C0}.DVD-5|x86.Build.0 = Debug|x86
		{A99907B2-C045-48D3-B9D9-33B6D14238C0}.Release|Any CPU.ActiveCfg = Release|x86
		{A99907B2-C045-48D3-B9D9-33B6D14238C0}.Release|Mixed Platforms.ActiveCfg = Release|x86
		{A99907B2-C045-48D3-B9D9-33B6D14238C0}.Release|Mixed Platforms.Build.0 = Release|x86
		{A99907B2-C045-48D3-B9D9-33B6D14238C0}.Release|x86.ActiveCfg = Release|x86
		{A99907B2-C045-48D3-B9D9-33B6D14238C0}.Release|x86.Build.0 = Release|x86
		{A99907B2-C045-48D3-B9D9-33B6D14238C0}.SingleImage|Any CPU.ActiveCfg = Release|x86
		{A99907B2-C045-48D3-B9D9-33B6D14238C0}.SingleImage|Mixed Platforms.ActiveCfg = Release|x86
		{A99907B2-C045-48D3-B9D9-33B6D14238C0}.SingleImage|Mixed Platforms.Build.0 = Release|x86
		{A99907B2-C045-48D3-B9D9-33B6D14238C0}.SingleImage|x86.ActiveCfg = Release|x86
		{A99907B2-C045-48D3-B9D9-33B6D14238C0}.SingleImage|x86.Build.0 = Release|x86
		{B676D15B-36AE-4244-9DAE-37E65CC19535}.CD_ROM|Any CPU.ActiveCfg = Release|x86
		{B676D15B-36AE-4244-9DAE-37E65CC19535}.CD_ROM|Mixed Platforms.ActiveCfg = Release|x86
		{B676D15B-36AE-4244-9DAE-37E65CC19535}.CD_ROM|Mixed Platforms.Build.0 = Release|x86
		{B676D15B-36AE-4244-9DAE-37E65CC19535}.CD_ROM|x86.ActiveCfg = Release|x86
		{B676D15B-36AE-4244-9DAE-37E65CC19535}.CD_ROM|x86.Build.0 = Release|x86
		{B676D15B-36AE-4244-9DAE-37E65CC19535}.Debug|Any CPU.ActiveCfg = Debug|x86
		{B676D15B-36AE-4244-9DAE-37E65CC19535}.Debug|Mixed Platforms.ActiveCfg = Debug|x86
		{B676D15B-36AE-4244-9DAE-37E65CC19535}.Debug|Mixed Platforms.Build.0 = Debug|x86
		{B676D15B-36AE-4244-9DAE-37E65CC19535}.Debug|x86.ActiveCfg = Debug|x86
		{B676D15B-36AE-4244-9DAE-37E65CC19535}.Debug|x86.Build.0 = Debug|x86
		{B676D15B-36AE-4244-9DAE-37E65CC19535}.DVD-5|Any CPU.ActiveCfg = Debug|x86
		{B676D15B-36AE-4244-9DAE-37E65CC19535}.DVD-5|Mixed Platforms.ActiveCfg = Debug|x86
		{B676D15B-36AE-4244-9DAE-37E65CC19535}.DVD-5|Mixed Platforms.Build.0 = Debug|x86
		{B676D15B-36AE-4244-9DAE-37E65CC19535}.DVD-5|x86.ActiveCfg = Debug|x86
		{B676D15B-36AE-4244-9DAE-37E65CC19535}.DVD-5|x86.Build.0 = Debug|x86
		{B676D15B-36AE-4244-9DAE-37E65CC19535}.Release|Any CPU.ActiveCfg = Release|x86
		{B676D15B-36AE-4244-9DAE-37E65CC19535}.Release|Mixed Platforms.ActiveCfg = Release|x86
		{B676D15B-36AE-4244-9DAE-37E65CC19535}.Release|Mixed Platforms.Build.0 = Release|x86
		{B676D15B-36AE-4244-9DAE-37E65CC19535}.Release|x86.ActiveCfg = Release|x86
		{B676D15B-36AE-4244-9DAE-37E65CC19535}.Release|x86.Build.0 = Release|x86
		{B676D15B-36AE-4244-9DAE-37E65CC19535}.SingleImage|Any CPU.ActiveCfg = Release|x86
		{B676D15B-36AE-4244-9DAE-37E65CC19535}.SingleImage|Mixed Platforms.ActiveCfg = Release|x86
		{B676D15B-36AE-4244-9DAE-37E65CC19535}.SingleImage|Mixed Platforms.Build.0 = Release|x86
		{B676D15B-36AE-4244-9DAE-37E65CC19535}.SingleImage|x86.ActiveCfg = Release|x86
		{B676D15B-36AE-4244-9DAE-37E65CC19535}.SingleImage|x86.Build.0 = Release|x86
		{1E025F1C-1D29-4199-A770-DBFF11C51A81}.CD_ROM|Any CPU.ActiveCfg = Release|Any CPU
		{1E025F1C-1D29-4199-A770-DBFF11C51A81}.CD_ROM|Any CPU.Build.0 = Release|Any CPU
		{1E025F1C-1D29-4199-A770-DBFF11C51A81}.CD_ROM|Mixed Platforms.ActiveCfg = Release|Any CPU
		{1E025F1C-1D29-4199-A770-DBFF11C51A81}.CD_ROM|Mixed Platforms.Build.0 = Release|Any CPU
		{1E025F1C-1D29-4199-A770-DBFF11C51A81}.CD_ROM|x86.ActiveCfg = Release|Any CPU
		{1E025F1C-1D29-4199-A770-DBFF11C51A81}.Debug|Any CPU.ActiveCfg = Debug|Any CPU
		{1E025F1C-1D29-4199-A770-DBFF11C51A81}.Debug|Any CPU.Build.0 = Debug|Any CPU
		{1E025F1C-1D29-4199-A770-DBFF11C51A81}.Debug|Mixed Platforms.ActiveCfg = Debug|Any CPU
		{1E025F1C-1D29-4199-A770-DBFF11C51A81}.Debug|Mixed Platforms.Build.0 = Debug|Any CPU
		{1E025F1C-1D29-4199-A770-DBFF11C51A81}.Debug|x86.ActiveCfg = Debug|Any CPU
		{1E025F1C-1D29-4199-A770-DBFF11C51A81}.DVD-5|Any CPU.ActiveCfg = Debug|Any CPU
		{1E025F1C-1D29-4199-A770-DBFF11C51A81}.DVD-5|Any CPU.Build.0 = Debug|Any CPU
		{1E025F1C-1D29-4199-A770-DBFF11C51A81}.DVD-5|Mixed Platforms.ActiveCfg = Debug|Any CPU
		{1E025F1C-1D29-4199-A770-DBFF11C51A81}.DVD-5|Mixed Platforms.Build.0 = Debug|Any CPU
		{1E025F1C-1D29-4199-A770-DBFF11C51A81}.DVD-5|x86.ActiveCfg = Debug|Any CPU
		{1E025F1C-1D29-4199-A770-DBFF11C51A81}.Release|Any CPU.ActiveCfg = Release|Any CPU
		{1E025F1C-1D29-4199-A770-DBFF11C51A81}.Release|Any CPU.Build.0 = Release|Any CPU
		{1E025F1C-1D29-4199-A770-DBFF11C51A81}.Release|Mixed Platforms.ActiveCfg = Release|Any CPU
		{1E025F1C-1D29-4199-A770-DBFF11C51A81}.Release|Mixed Platforms.Build.0 = Release|Any CPU
		{1E025F1C-1D29-4199-A770-DBFF11C51A81}.Release|x86.ActiveCfg = Release|Any CPU
		{1E025F1C-1D29-4199-A770-DBFF11C51A81}.SingleImage|Any CPU.ActiveCfg = Release|Any CPU
		{1E025F1C-1D29-4199-A770-DBFF11C51A81}.SingleImage|Any CPU.Build.0 = Release|Any CPU
		{1E025F1C-1D29-4199-A770-DBFF11C51A81}.SingleImage|Mixed Platforms.ActiveCfg = Release|Any CPU
		{1E025F1C-1D29-4199-A770-DBFF11C51A81}.SingleImage|Mixed Platforms.Build.0 = Release|Any CPU
		{1E025F1C-1D29-4199-A770-DBFF11C51A81}.SingleImage|x86.ActiveCfg = Release|Any CPU
	EndGlobalSection
	GlobalSection(SolutionProperties) = preSolution
		HideSolutionNode = FALSE
	EndGlobalSection
EndGlobal
