
Microsoft Visual Studio Solution File, Format Version 11.00
# Visual Studio 2010
Project("{FAE04EC0-301F-11D3-BF4B-00C04F79EFBC}") = "SmartLife.Share.Models", "SmartLife.Applications\SmartLife.Share.Models\SmartLife.Share.Models.csproj", "{9C2EE1BE-7F97-4137-96E2-1FF5E378E956}"
EndProject
Project("{FAE04EC0-301F-11D3-BF4B-00C04F79EFBC}") = "SmartLife.Share.Behaviors", "SmartLife.Applications\SmartLife.Share.Behaviors\SmartLife.Share.Behaviors.csproj", "{2774C50E-4B9A-4140-9BE9-50F5110BF87E}"
EndProject
Project("{FAE04EC0-301F-11D3-BF4B-00C04F79EFBC}") = "SmartLife.CertManage.MerchantServices", "SmartLife.Applications\SmartLife.CertManage.MerchantServices\SmartLife.CertManage.MerchantServices.csproj", "{D7AB4091-6521-4612-AF9F-8A84FBFB68A1}"
EndProject
Project("{FAE04EC0-301F-11D3-BF4B-00C04F79EFBC}") = "SmartLife.CertManage.ManageServices", "SmartLife.Applications\SmartLife.CertManage.ManageServices\SmartLife.CertManage.ManageServices.csproj", "{1E979317-66B8-4B49-8EC8-AECE9B48CB11}"
EndProject
Project("{FAE04EC0-301F-11D3-BF4B-00C04F79EFBC}") = "SmartLife.CertManage.ManageCMS", "SmartLife.Applications\SmartLife.CertManage.ManageCMS\SmartLife.CertManage.ManageCMS.csproj", "{B3D9E564-21C2-4505-9BBA-1182C43E680D}"
EndProject
Project("{FAE04EC0-301F-11D3-BF4B-00C04F79EFBC}") = "SmartLife.Client.Gov", "SmartLife.Applications\SmartLife.Client.Gov\SmartLife.Client.Gov.csproj", "{2EEA4005-E880-493F-9007-12C29CAA13C7}"
EndProject
Project("{FAE04EC0-301F-11D3-BF4B-00C04F79EFBC}") = "SmartLife.Client.Merchant", "SmartLife.Applications\SmartLife.Client.Merchant\SmartLife.Client.Merchant.csproj", "{2F0CC413-025A-47A7-94E3-33BCF796EE83}"
EndProject
Project("{FAE04EC0-301F-11D3-BF4B-00C04F79EFBC}") = "SmartLife.Client.PensionAgency", "SmartLife.Applications\SmartLife.Client.PensionAgency\SmartLife.Client.PensionAgency.csproj", "{A5B3ABF7-E91E-4751-9B0A-22563A86EFC9}"
EndProject
Project("{FAE04EC0-301F-11D3-BF4B-00C04F79EFBC}") = "SmartLife.Client.Seat", "SmartLife.Applications\SmartLife.Client.Seat\SmartLife.Client.Seat.csproj", "{4A831334-CF5C-4B71-BD50-AA980F20103F}"
EndProject
Project("{FAE04EC0-301F-11D3-BF4B-00C04F79EFBC}") = "SmartLife.Share.Models.PO", "SmartLife.Applications\SmartLife.Share.Models.PO\SmartLife.Share.Models.PO.csproj", "{F68BA8F0-961A-4648-83C1-22DFECC778C0}"
EndProject
Project("{FAE04EC0-301F-11D3-BF4B-00C04F79EFBC}") = "SmartLife.DataExchange.Services", "SmartLife.Applications\SmartLife.DataExchange.Services\SmartLife.DataExchange.Services.csproj", "{7676D7FD-E8C0-4586-AD57-81DA9EDEBD25}"
EndProject
Global
	GlobalSection(TeamFoundationVersionControl) = preSolution
		SccNumberOfProjects = 12
		SccEnterpriseProvider = {4CA58AB2-18FA-4F8D-95D4-32DDF27D184C}
		SccTeamFoundationServer = http://42.120.6.22:8080/tfs/%e6%99%ba%e6%85%a7%e7%94%9f%e6%b4%bb
		SccLocalPath0 = .
		SccProjectUniqueName1 = SmartLife.Applications\\SmartLife.Share.Models\\SmartLife.Share.Models.csproj
		SccProjectName1 = SmartLife.Applications/SmartLife.Share.Models
		SccLocalPath1 = SmartLife.Applications\\SmartLife.Share.Models
		SccProjectUniqueName2 = SmartLife.Applications\\SmartLife.Share.Behaviors\\SmartLife.Share.Behaviors.csproj
		SccProjectName2 = SmartLife.Applications/SmartLife.Share.Behaviors
		SccLocalPath2 = SmartLife.Applications\\SmartLife.Share.Behaviors
		SccProjectUniqueName3 = SmartLife.Applications\\SmartLife.CertManage.MerchantServices\\SmartLife.CertManage.MerchantServices.csproj
		SccProjectName3 = SmartLife.Applications/SmartLife.CertManage.MerchantServices
		SccLocalPath3 = SmartLife.Applications\\SmartLife.CertManage.MerchantServices
		SccProjectUniqueName4 = SmartLife.Applications\\SmartLife.CertManage.ManageServices\\SmartLife.CertManage.ManageServices.csproj
		SccProjectName4 = SmartLife.Applications/SmartLife.CertManage.ManageServices
		SccLocalPath4 = SmartLife.Applications\\SmartLife.CertManage.ManageServices
		SccProjectUniqueName5 = SmartLife.Applications\\SmartLife.CertManage.ManageCMS\\SmartLife.CertManage.ManageCMS.csproj
		SccProjectName5 = SmartLife.Applications/SmartLife.CertManage.ManageCMS
		SccLocalPath5 = SmartLife.Applications\\SmartLife.CertManage.ManageCMS
		SccProjectUniqueName6 = SmartLife.Applications\\SmartLife.Client.Gov\\SmartLife.Client.Gov.csproj
		SccProjectName6 = SmartLife.Applications/SmartLife.Client.Gov
		SccLocalPath6 = SmartLife.Applications\\SmartLife.Client.Gov
		SccProjectUniqueName7 = SmartLife.Applications\\SmartLife.Client.Merchant\\SmartLife.Client.Merchant.csproj
		SccProjectName7 = SmartLife.Applications/SmartLife.Client.Merchant
		SccLocalPath7 = SmartLife.Applications\\SmartLife.Client.Merchant
		SccProjectUniqueName8 = SmartLife.Applications\\SmartLife.Client.PensionAgency\\SmartLife.Client.PensionAgency.csproj
		SccProjectName8 = SmartLife.Applications/SmartLife.Client.PensionAgency
		SccLocalPath8 = SmartLife.Applications\\SmartLife.Client.PensionAgency
		SccProjectUniqueName9 = SmartLife.Applications\\SmartLife.Client.Seat\\SmartLife.Client.Seat.csproj
		SccProjectName9 = SmartLife.Applications/SmartLife.Client.Seat
		SccLocalPath9 = SmartLife.Applications\\SmartLife.Client.Seat
		SccProjectUniqueName10 = SmartLife.Applications\\SmartLife.Share.Models.PO\\SmartLife.Share.Models.PO.csproj
		SccProjectName10 = SmartLife.Applications/SmartLife.Share.Models.PO
		SccLocalPath10 = SmartLife.Applications\\SmartLife.Share.Models.PO
		SccProjectUniqueName11 = SmartLife.Applications\\SmartLife.DataExchange.Services\\SmartLife.DataExchange.Services.csproj
		SccProjectName11 = SmartLife.Applications/SmartLife.DataExchange.Services
		SccLocalPath11 = SmartLife.Applications\\SmartLife.DataExchange.Services
	EndGlobalSection
	GlobalSection(SolutionConfigurationPlatforms) = preSolution
		Debug|Any CPU = Debug|Any CPU
		Debug|Mixed Platforms = Debug|Mixed Platforms
		Debug|x86 = Debug|x86
		Release|Any CPU = Release|Any CPU
		Release|Mixed Platforms = Release|Mixed Platforms
		Release|x86 = Release|x86
	EndGlobalSection
	GlobalSection(ProjectConfigurationPlatforms) = postSolution
		{9C2EE1BE-7F97-4137-96E2-1FF5E378E956}.Debug|Any CPU.ActiveCfg = Debug|Any CPU
		{9C2EE1BE-7F97-4137-96E2-1FF5E378E956}.Debug|Any CPU.Build.0 = Debug|Any CPU
		{9C2EE1BE-7F97-4137-96E2-1FF5E378E956}.Debug|Mixed Platforms.ActiveCfg = Debug|Any CPU
		{9C2EE1BE-7F97-4137-96E2-1FF5E378E956}.Debug|Mixed Platforms.Build.0 = Debug|Any CPU
		{9C2EE1BE-7F97-4137-96E2-1FF5E378E956}.Debug|x86.ActiveCfg = Debug|Any CPU
		{9C2EE1BE-7F97-4137-96E2-1FF5E378E956}.Release|Any CPU.ActiveCfg = Release|Any CPU
		{9C2EE1BE-7F97-4137-96E2-1FF5E378E956}.Release|Any CPU.Build.0 = Release|Any CPU
		{9C2EE1BE-7F97-4137-96E2-1FF5E378E956}.Release|Mixed Platforms.ActiveCfg = Release|Any CPU
		{9C2EE1BE-7F97-4137-96E2-1FF5E378E956}.Release|Mixed Platforms.Build.0 = Release|Any CPU
		{9C2EE1BE-7F97-4137-96E2-1FF5E378E956}.Release|x86.ActiveCfg = Release|Any CPU
		{2774C50E-4B9A-4140-9BE9-50F5110BF87E}.Debug|Any CPU.ActiveCfg = Debug|Any CPU
		{2774C50E-4B9A-4140-9BE9-50F5110BF87E}.Debug|Any CPU.Build.0 = Debug|Any CPU
		{2774C50E-4B9A-4140-9BE9-50F5110BF87E}.Debug|Mixed Platforms.ActiveCfg = Debug|Any CPU
		{2774C50E-4B9A-4140-9BE9-50F5110BF87E}.Debug|Mixed Platforms.Build.0 = Debug|Any CPU
		{2774C50E-4B9A-4140-9BE9-50F5110BF87E}.Debug|x86.ActiveCfg = Debug|Any CPU
		{2774C50E-4B9A-4140-9BE9-50F5110BF87E}.Release|Any CPU.ActiveCfg = Release|Any CPU
		{2774C50E-4B9A-4140-9BE9-50F5110BF87E}.Release|Any CPU.Build.0 = Release|Any CPU
		{2774C50E-4B9A-4140-9BE9-50F5110BF87E}.Release|Mixed Platforms.ActiveCfg = Release|Any CPU
		{2774C50E-4B9A-4140-9BE9-50F5110BF87E}.Release|Mixed Platforms.Build.0 = Release|Any CPU
		{2774C50E-4B9A-4140-9BE9-50F5110BF87E}.Release|x86.ActiveCfg = Release|Any CPU
		{D7AB4091-6521-4612-AF9F-8A84FBFB68A1}.Debug|Any CPU.ActiveCfg = Debug|Any CPU
		{D7AB4091-6521-4612-AF9F-8A84FBFB68A1}.Debug|Any CPU.Build.0 = Debug|Any CPU
		{D7AB4091-6521-4612-AF9F-8A84FBFB68A1}.Debug|Mixed Platforms.ActiveCfg = Debug|Any CPU
		{D7AB4091-6521-4612-AF9F-8A84FBFB68A1}.Debug|Mixed Platforms.Build.0 = Debug|Any CPU
		{D7AB4091-6521-4612-AF9F-8A84FBFB68A1}.Debug|x86.ActiveCfg = Debug|Any CPU
		{D7AB4091-6521-4612-AF9F-8A84FBFB68A1}.Release|Any CPU.ActiveCfg = Release|Any CPU
		{D7AB4091-6521-4612-AF9F-8A84FBFB68A1}.Release|Any CPU.Build.0 = Release|Any CPU
		{D7AB4091-6521-4612-AF9F-8A84FBFB68A1}.Release|Mixed Platforms.ActiveCfg = Release|Any CPU
		{D7AB4091-6521-4612-AF9F-8A84FBFB68A1}.Release|Mixed Platforms.Build.0 = Release|Any CPU
		{D7AB4091-6521-4612-AF9F-8A84FBFB68A1}.Release|x86.ActiveCfg = Release|Any CPU
		{1E979317-66B8-4B49-8EC8-AECE9B48CB11}.Debug|Any CPU.ActiveCfg = Debug|Any CPU
		{1E979317-66B8-4B49-8EC8-AECE9B48CB11}.Debug|Any CPU.Build.0 = Debug|Any CPU
		{1E979317-66B8-4B49-8EC8-AECE9B48CB11}.Debug|Mixed Platforms.ActiveCfg = Debug|Any CPU
		{1E979317-66B8-4B49-8EC8-AECE9B48CB11}.Debug|Mixed Platforms.Build.0 = Debug|Any CPU
		{1E979317-66B8-4B49-8EC8-AECE9B48CB11}.Debug|x86.ActiveCfg = Debug|Any CPU
		{1E979317-66B8-4B49-8EC8-AECE9B48CB11}.Release|Any CPU.ActiveCfg = Release|Any CPU
		{1E979317-66B8-4B49-8EC8-AECE9B48CB11}.Release|Any CPU.Build.0 = Release|Any CPU
		{1E979317-66B8-4B49-8EC8-AECE9B48CB11}.Release|Mixed Platforms.ActiveCfg = Release|Any CPU
		{1E979317-66B8-4B49-8EC8-AECE9B48CB11}.Release|Mixed Platforms.Build.0 = Release|Any CPU
		{1E979317-66B8-4B49-8EC8-AECE9B48CB11}.Release|x86.ActiveCfg = Release|Any CPU
		{B3D9E564-21C2-4505-9BBA-1182C43E680D}.Debug|Any CPU.ActiveCfg = Debug|Any CPU
		{B3D9E564-21C2-4505-9BBA-1182C43E680D}.Debug|Any CPU.Build.0 = Debug|Any CPU
		{B3D9E564-21C2-4505-9BBA-1182C43E680D}.Debug|Mixed Platforms.ActiveCfg = Debug|Any CPU
		{B3D9E564-21C2-4505-9BBA-1182C43E680D}.Debug|Mixed Platforms.Build.0 = Debug|Any CPU
		{B3D9E564-21C2-4505-9BBA-1182C43E680D}.Debug|x86.ActiveCfg = Debug|Any CPU
		{B3D9E564-21C2-4505-9BBA-1182C43E680D}.Release|Any CPU.ActiveCfg = Release|Any CPU
		{B3D9E564-21C2-4505-9BBA-1182C43E680D}.Release|Any CPU.Build.0 = Release|Any CPU
		{B3D9E564-21C2-4505-9BBA-1182C43E680D}.Release|Mixed Platforms.ActiveCfg = Release|Any CPU
		{B3D9E564-21C2-4505-9BBA-1182C43E680D}.Release|Mixed Platforms.Build.0 = Release|Any CPU
		{B3D9E564-21C2-4505-9BBA-1182C43E680D}.Release|x86.ActiveCfg = Release|Any CPU
		{2EEA4005-E880-493F-9007-12C29CAA13C7}.Debug|Any CPU.ActiveCfg = Debug|x86
		{2EEA4005-E880-493F-9007-12C29CAA13C7}.Debug|Mixed Platforms.ActiveCfg = Debug|x86
		{2EEA4005-E880-493F-9007-12C29CAA13C7}.Debug|Mixed Platforms.Build.0 = Debug|x86
		{2EEA4005-E880-493F-9007-12C29CAA13C7}.Debug|x86.ActiveCfg = Debug|x86
		{2EEA4005-E880-493F-9007-12C29CAA13C7}.Debug|x86.Build.0 = Debug|x86
		{2EEA4005-E880-493F-9007-12C29CAA13C7}.Release|Any CPU.ActiveCfg = Release|x86
		{2EEA4005-E880-493F-9007-12C29CAA13C7}.Release|Mixed Platforms.ActiveCfg = Release|x86
		{2EEA4005-E880-493F-9007-12C29CAA13C7}.Release|Mixed Platforms.Build.0 = Release|x86
		{2EEA4005-E880-493F-9007-12C29CAA13C7}.Release|x86.ActiveCfg = Release|x86
		{2EEA4005-E880-493F-9007-12C29CAA13C7}.Release|x86.Build.0 = Release|x86
		{2F0CC413-025A-47A7-94E3-33BCF796EE83}.Debug|Any CPU.ActiveCfg = Debug|Any CPU
		{2F0CC413-025A-47A7-94E3-33BCF796EE83}.Debug|Any CPU.Build.0 = Debug|Any CPU
		{2F0CC413-025A-47A7-94E3-33BCF796EE83}.Debug|Mixed Platforms.ActiveCfg = Debug|Any CPU
		{2F0CC413-025A-47A7-94E3-33BCF796EE83}.Debug|Mixed Platforms.Build.0 = Debug|Any CPU
		{2F0CC413-025A-47A7-94E3-33BCF796EE83}.Debug|x86.ActiveCfg = Debug|x86
		{2F0CC413-025A-47A7-94E3-33BCF796EE83}.Debug|x86.Build.0 = Debug|x86
		{2F0CC413-025A-47A7-94E3-33BCF796EE83}.Release|Any CPU.ActiveCfg = Release|Any CPU
		{2F0CC413-025A-47A7-94E3-33BCF796EE83}.Release|Any CPU.Build.0 = Release|Any CPU
		{2F0CC413-025A-47A7-94E3-33BCF796EE83}.Release|Mixed Platforms.ActiveCfg = Release|Any CPU
		{2F0CC413-025A-47A7-94E3-33BCF796EE83}.Release|Mixed Platforms.Build.0 = Release|Any CPU
		{2F0CC413-025A-47A7-94E3-33BCF796EE83}.Release|x86.ActiveCfg = Release|x86
		{2F0CC413-025A-47A7-94E3-33BCF796EE83}.Release|x86.Build.0 = Release|x86
		{A5B3ABF7-E91E-4751-9B0A-22563A86EFC9}.Debug|Any CPU.ActiveCfg = Debug|x86
		{A5B3ABF7-E91E-4751-9B0A-22563A86EFC9}.Debug|Mixed Platforms.ActiveCfg = Debug|x86
		{A5B3ABF7-E91E-4751-9B0A-22563A86EFC9}.Debug|Mixed Platforms.Build.0 = Debug|x86
		{A5B3ABF7-E91E-4751-9B0A-22563A86EFC9}.Debug|x86.ActiveCfg = Debug|x86
		{A5B3ABF7-E91E-4751-9B0A-22563A86EFC9}.Debug|x86.Build.0 = Debug|x86
		{A5B3ABF7-E91E-4751-9B0A-22563A86EFC9}.Release|Any CPU.ActiveCfg = Release|x86
		{A5B3ABF7-E91E-4751-9B0A-22563A86EFC9}.Release|Mixed Platforms.ActiveCfg = Release|x86
		{A5B3ABF7-E91E-4751-9B0A-22563A86EFC9}.Release|Mixed Platforms.Build.0 = Release|x86
		{A5B3ABF7-E91E-4751-9B0A-22563A86EFC9}.Release|x86.ActiveCfg = Release|x86
		{A5B3ABF7-E91E-4751-9B0A-22563A86EFC9}.Release|x86.Build.0 = Release|x86
		{4A831334-CF5C-4B71-BD50-AA980F20103F}.Debug|Any CPU.ActiveCfg = Debug|x86
		{4A831334-CF5C-4B71-BD50-AA980F20103F}.Debug|Mixed Platforms.ActiveCfg = Debug|x86
		{4A831334-CF5C-4B71-BD50-AA980F20103F}.Debug|Mixed Platforms.Build.0 = Debug|x86
		{4A831334-CF5C-4B71-BD50-AA980F20103F}.Debug|x86.ActiveCfg = Debug|x86
		{4A831334-CF5C-4B71-BD50-AA980F20103F}.Debug|x86.Build.0 = Debug|x86
		{4A831334-CF5C-4B71-BD50-AA980F20103F}.Release|Any CPU.ActiveCfg = Release|x86
		{4A831334-CF5C-4B71-BD50-AA980F20103F}.Release|Mixed Platforms.ActiveCfg = Release|x86
		{4A831334-CF5C-4B71-BD50-AA980F20103F}.Release|Mixed Platforms.Build.0 = Release|x86
		{4A831334-CF5C-4B71-BD50-AA980F20103F}.Release|x86.ActiveCfg = Release|x86
		{4A831334-CF5C-4B71-BD50-AA980F20103F}.Release|x86.Build.0 = Release|x86
		{F68BA8F0-961A-4648-83C1-22DFECC778C0}.Debug|Any CPU.ActiveCfg = Debug|Any CPU
		{F68BA8F0-961A-4648-83C1-22DFECC778C0}.Debug|Any CPU.Build.0 = Debug|Any CPU
		{F68BA8F0-961A-4648-83C1-22DFECC778C0}.Debug|Mixed Platforms.ActiveCfg = Debug|Any CPU
		{F68BA8F0-961A-4648-83C1-22DFECC778C0}.Debug|Mixed Platforms.Build.0 = Debug|Any CPU
		{F68BA8F0-961A-4648-83C1-22DFECC778C0}.Debug|x86.ActiveCfg = Debug|Any CPU
		{F68BA8F0-961A-4648-83C1-22DFECC778C0}.Release|Any CPU.ActiveCfg = Release|Any CPU
		{F68BA8F0-961A-4648-83C1-22DFECC778C0}.Release|Any CPU.Build.0 = Release|Any CPU
		{F68BA8F0-961A-4648-83C1-22DFECC778C0}.Release|Mixed Platforms.ActiveCfg = Release|Any CPU
		{F68BA8F0-961A-4648-83C1-22DFECC778C0}.Release|Mixed Platforms.Build.0 = Release|Any CPU
		{F68BA8F0-961A-4648-83C1-22DFECC778C0}.Release|x86.ActiveCfg = Release|Any CPU
		{7676D7FD-E8C0-4586-AD57-81DA9EDEBD25}.Debug|Any CPU.ActiveCfg = Debug|Any CPU
		{7676D7FD-E8C0-4586-AD57-81DA9EDEBD25}.Debug|Any CPU.Build.0 = Debug|Any CPU
		{7676D7FD-E8C0-4586-AD57-81DA9EDEBD25}.Debug|Mixed Platforms.ActiveCfg = Debug|Any CPU
		{7676D7FD-E8C0-4586-AD57-81DA9EDEBD25}.Debug|Mixed Platforms.Build.0 = Debug|Any CPU
		{7676D7FD-E8C0-4586-AD57-81DA9EDEBD25}.Debug|x86.ActiveCfg = Debug|Any CPU
		{7676D7FD-E8C0-4586-AD57-81DA9EDEBD25}.Release|Any CPU.ActiveCfg = Release|Any CPU
		{7676D7FD-E8C0-4586-AD57-81DA9EDEBD25}.Release|Any CPU.Build.0 = Release|Any CPU
		{7676D7FD-E8C0-4586-AD57-81DA9EDEBD25}.Release|Mixed Platforms.ActiveCfg = Release|Any CPU
		{7676D7FD-E8C0-4586-AD57-81DA9EDEBD25}.Release|Mixed Platforms.Build.0 = Release|Any CPU
		{7676D7FD-E8C0-4586-AD57-81DA9EDEBD25}.Release|x86.ActiveCfg = Release|Any CPU
	EndGlobalSection
	GlobalSection(SolutionProperties) = preSolution
		HideSolutionNode = FALSE
	EndGlobalSection
EndGlobal
