
Microsoft Visual Studio Solution File, Format Version 11.00
# Visual Studio 2010
Project("{6141683F-8A12-4E36-9623-2EB02B2C2303}") = "SmartLife.Client.Seat.Setup", "SmartLife.Client.Seat.Setup\SmartLife.Client.Seat.Setup.isproj", "{1930A13A-F71C-4D77-BDD4-2E8068FE6798}"
EndProject
Project("{6141683F-8A12-4E36-9623-2EB02B2C2303}") = "MerXLX.Setup", "MerXLX.Setup\MerXLX.Setup.isproj", "{0B0AC76E-BAA7-4F6F-8119-E6988F59E182}"
EndProject
Global
	GlobalSection(SolutionConfigurationPlatforms) = preSolution
		CD_ROM|Default = CD_ROM|Default
		DVD-5|Default = DVD-5|Default
		SingleImage|Default = SingleImage|Default
	EndGlobalSection
	GlobalSection(ProjectConfigurationPlatforms) = postSolution
		{1930A13A-F71C-4D77-BDD4-2E8068FE6798}.CD_ROM|Default.ActiveCfg = CD_ROM
		{1930A13A-F71C-4D77-BDD4-2E8068FE6798}.CD_ROM|Default.Build.0 = CD_ROM
		{1930A13A-F71C-4D77-BDD4-2E8068FE6798}.DVD-5|Default.ActiveCfg = DVD-5
		{1930A13A-F71C-4D77-BDD4-2E8068FE6798}.DVD-5|Default.Build.0 = DVD-5
		{1930A13A-F71C-4D77-BDD4-2E8068FE6798}.SingleImage|Default.ActiveCfg = SingleImage
		{1930A13A-F71C-4D77-BDD4-2E8068FE6798}.SingleImage|Default.Build.0 = SingleImage
		{0B0AC76E-BAA7-4F6F-8119-E6988F59E182}.CD_ROM|Default.ActiveCfg = CD_ROM
		{0B0AC76E-BAA7-4F6F-8119-E6988F59E182}.CD_ROM|Default.Build.0 = CD_ROM
		{0B0AC76E-BAA7-4F6F-8119-E6988F59E182}.DVD-5|Default.ActiveCfg = DVD-5
		{0B0AC76E-BAA7-4F6F-8119-E6988F59E182}.DVD-5|Default.Build.0 = DVD-5
		{0B0AC76E-BAA7-4F6F-8119-E6988F59E182}.SingleImage|Default.ActiveCfg = SingleImage
		{0B0AC76E-BAA7-4F6F-8119-E6988F59E182}.SingleImage|Default.Build.0 = SingleImage
	EndGlobalSection
	GlobalSection(SolutionProperties) = preSolution
		HideSolutionNode = FALSE
	EndGlobalSection
EndGlobal
